// !$*UTF8*$!
{
	archiveVersion = 1;
	classes = {
	};
	objectVersion = 50;
	objects = {

/* Begin PBXBuildFile section */
		019195D0BB16E5DD16B132DE /* OnboardingDomainInterface.framework in Embed Frameworks */ = {isa = PBXBuildFile; fileRef = FC7D728F1033987F0758E3F2 /* OnboardingDomainInterface.framework */; platformFilter = ios; settings = {ATTRIBUTES = (CodeSignOnCopy, RemoveHeadersOnCopy, ); }; };
		06544374FC0AD924CACD5ADE /* NicknameViewController.swift in Sources */ = {isa = PBXBuildFile; fileRef = DD4BEFF7AA4A086640F0BE10 /* NicknameViewController.swift */; };
		1207C4645BE3EC507AED87CD /* LogFlume.framework in Embed Frameworks */ = {isa = PBXBuildFile; fileRef = F602018A7EF2100A82C7C070 /* LogFlume.framework */; platformFilter = ios; settings = {ATTRIBUTES = (CodeSignOnCopy, RemoveHeadersOnCopy, ); }; };
		12232A866CF7709542692CB2 /* RxRelay.framework in Embed Frameworks */ = {isa = PBXBuildFile; fileRef = C842CF5A5DB36F464AF91D7C /* RxRelay.framework */; platformFilter = ios; settings = {ATTRIBUTES = (CodeSignOnCopy, RemoveHeadersOnCopy, ); }; };
		123F1BD4525030A604546FCF /* Kingfisher.framework in Embed Frameworks */ = {isa = PBXBuildFile; fileRef = 3276CF24B75CEB097B892773 /* Kingfisher.framework */; platformFilter = ios; settings = {ATTRIBUTES = (CodeSignOnCopy, RemoveHeadersOnCopy, ); }; };
		170461C3BF6AF2152AA97AE0 /* NicknameBuilder.swift in Sources */ = {isa = PBXBuildFile; fileRef = 911ECB834F04BA04B24E716B /* NicknameBuilder.swift */; };
		173D42CAE061F777FBE40E12 /* SignUpInteractor.swift in Sources */ = {isa = PBXBuildFile; fileRef = 42AE4073FAA4B0C875D77BEB /* SignUpInteractor.swift */; };
		1AA63B2A36DDAA0562F03865 /* BaseFeature.framework in Embed Frameworks */ = {isa = PBXBuildFile; fileRef = F7512B0541C2721028715552 /* BaseFeature.framework */; platformFilter = ios; settings = {ATTRIBUTES = (CodeSignOnCopy, RemoveHeadersOnCopy, ); }; };
		20A22FA08468836DB2E72098 /* SignUpFeatureInterface.framework in Embed Frameworks */ = {isa = PBXBuildFile; fileRef = 6CC4F5642609620FF33A5CA5 /* SignUpFeatureInterface.framework */; platformFilter = ios; settings = {ATTRIBUTES = (CodeSignOnCopy, RemoveHeadersOnCopy, ); }; };
		2265F83F514487619116B9E2 /* SignUpFeatureInterface.framework in Frameworks */ = {isa = PBXBuildFile; fileRef = 6CC4F5642609620FF33A5CA5 /* SignUpFeatureInterface.framework */; platformFilter = ios; };
		242DF086C4EA57CCF9C80C19 /* NicknameRouter.swift in Sources */ = {isa = PBXBuildFile; fileRef = 314BCB032696A9DA9AF7008E /* NicknameRouter.swift */; };
		2E309BD78911BC61E70E912E /* NicknameInterface.swift in Sources */ = {isa = PBXBuildFile; fileRef = B0B9EF8A335FE0680FF4C5A3 /* NicknameInterface.swift */; };
		3807F3AA3BC4947D1DB700AC /* AppFoundation.framework in Embed Frameworks */ = {isa = PBXBuildFile; fileRef = 34FD0DDC8F8D096BE7EDFCA2 /* AppFoundation.framework */; platformFilter = ios; settings = {ATTRIBUTES = (CodeSignOnCopy, RemoveHeadersOnCopy, ); }; };
		38CDD1A2B82A4E223368D398 /* RIBs.framework in Embed Frameworks */ = {isa = PBXBuildFile; fileRef = A4E9015CD72E1510CB1EA8A5 /* RIBs.framework */; platformFilter = ios; settings = {ATTRIBUTES = (CodeSignOnCopy, RemoveHeadersOnCopy, ); }; };
		42B120955BB150E59775BB69 /* RxCocoa.framework in Embed Frameworks */ = {isa = PBXBuildFile; fileRef = 2592F8D629AC64CEC9276187 /* RxCocoa.framework */; platformFilter = ios; settings = {ATTRIBUTES = (CodeSignOnCopy, RemoveHeadersOnCopy, ); }; };
		493CC60E7FC3B3A22337D99A /* SignUpInterface.swift in Sources */ = {isa = PBXBuildFile; fileRef = 5D3FB2DF2875B6FF7CDB1ED4 /* SignUpInterface.swift */; };
		4A1838BE137C235DE585D729 /* SignUpFeatureTesting.framework in Frameworks */ = {isa = PBXBuildFile; fileRef = 9E77CEC31A19C4C2001D3197 /* SignUpFeatureTesting.framework */; platformFilter = ios; };
		582C33ACC151BF7970EAFDD3 /* TodayFeatureInterface.framework in Frameworks */ = {isa = PBXBuildFile; fileRef = DDF97B2D00DEC2FFF369E48C /* TodayFeatureInterface.framework */; platformFilter = ios; };
		59E9038A530BA351BF9567E8 /* AppDelegate.swift in Sources */ = {isa = PBXBuildFile; fileRef = D39C6AD2AA7C8E88B56251AD /* AppDelegate.swift */; };
		5E526DE58C0C320B68AD5142 /* SignUpViewController.swift in Sources */ = {isa = PBXBuildFile; fileRef = 76D8CB58BA8BE2197048D929 /* SignUpViewController.swift */; };
		607E998EA6C41113A8FBCC68 /* InfoViewController.swift in Sources */ = {isa = PBXBuildFile; fileRef = 82DEB65600EF4EA0324840F3 /* InfoViewController.swift */; };
		63F8672FD8FEBFD5E3D45B05 /* SignUpInterface.swift in Sources */ = {isa = PBXBuildFile; fileRef = BDD9361DA038F1D3427F8DDD /* SignUpInterface.swift */; };
		6774576E05D0B5CF965C3A6B /* NicknameInteractor.swift in Sources */ = {isa = PBXBuildFile; fileRef = 6EAF856AFDB9388259002318 /* NicknameInteractor.swift */; };
		67A0224E8F475B0624BFD734 /* ReactorKit.framework in Embed Frameworks */ = {isa = PBXBuildFile; fileRef = E1FBE1F7723A76185A5281D5 /* ReactorKit.framework */; platformFilter = ios; settings = {ATTRIBUTES = (CodeSignOnCopy, RemoveHeadersOnCopy, ); }; };
		71C4A05070A7D3079DCFE1AC /* AgreementView.swift in Sources */ = {isa = PBXBuildFile; fileRef = 5A07EC398FE8B75AEBB8E813 /* AgreementView.swift */; };
		73557360391EF81E4FDE7D62 /* BaseFeature.framework in Frameworks */ = {isa = PBXBuildFile; fileRef = F7512B0541C2721028715552 /* BaseFeature.framework */; platformFilter = ios; };
		77F21B5F7A57A115BB9EB2A8 /* SkeletonView.framework in Embed Frameworks */ = {isa = PBXBuildFile; fileRef = 6BD823BB2588176C7C2968C2 /* SkeletonView.framework */; platformFilter = ios; settings = {ATTRIBUTES = (CodeSignOnCopy, RemoveHeadersOnCopy, ); }; };
		7C279594F5D31499BEE75DF5 /* DesignSystem.framework in Embed Frameworks */ = {isa = PBXBuildFile; fileRef = 08901490FD7FC8666A9DAD60 /* DesignSystem.framework */; platformFilter = ios; settings = {ATTRIBUTES = (CodeSignOnCopy, RemoveHeadersOnCopy, ); }; };
		7D7233BE6C9FC3E6E32E0F05 /* SignUpFeatureTesting.framework in Embed Frameworks */ = {isa = PBXBuildFile; fileRef = 9E77CEC31A19C4C2001D3197 /* SignUpFeatureTesting.framework */; platformFilter = ios; settings = {ATTRIBUTES = (CodeSignOnCopy, RemoveHeadersOnCopy, ); }; };
		854D888B7324ADB31B30A251 /* SignUpFeatureTest.swift in Sources */ = {isa = PBXBuildFile; fileRef = 47598EC250A6F0A4FE1364CC /* SignUpFeatureTest.swift */; };
		86667E856991555FD7C13FD5 /* BaseFeature.framework in Frameworks */ = {isa = PBXBuildFile; fileRef = F7512B0541C2721028715552 /* BaseFeature.framework */; platformFilter = ios; };
		89879011160DBDB84B1F9E4F /* CoreKit.framework in Embed Frameworks */ = {isa = PBXBuildFile; fileRef = DF1F2C546EDE219B5FF12BCE /* CoreKit.framework */; platformFilter = ios; settings = {ATTRIBUTES = (CodeSignOnCopy, RemoveHeadersOnCopy, ); }; };
		955BF3181258936AE865EA9F /* TuistBundle+SignUpFeatureDemoApp.swift in Sources */ = {isa = PBXBuildFile; fileRef = 7AC3259B70E9AB638F07C578 /* TuistBundle+SignUpFeatureDemoApp.swift */; };
		9952F9374F155BA7BFEE5D02 /* NicknameInterface.swift in Sources */ = {isa = PBXBuildFile; fileRef = 45412CF5E1B3CC06CB922E29 /* NicknameInterface.swift */; };
		9EF5CD0077D670E7A2B75F74 /* SignUpFeatureInterface.framework in Embed Frameworks */ = {isa = PBXBuildFile; fileRef = 6CC4F5642609620FF33A5CA5 /* SignUpFeatureInterface.framework */; platformFilter = ios; settings = {ATTRIBUTES = (CodeSignOnCopy, RemoveHeadersOnCopy, ); }; };
		A32B7AAC4B94E998BB1472F3 /* SnapKit.framework in Embed Frameworks */ = {isa = PBXBuildFile; fileRef = 389383F4EA88956120571493 /* SnapKit.framework */; platformFilter = ios; settings = {ATTRIBUTES = (CodeSignOnCopy, RemoveHeadersOnCopy, ); }; };
		A841D3AD2EDCE980220803F9 /* ValidationCodeAlertView.swift in Sources */ = {isa = PBXBuildFile; fileRef = A609788B9356A494440A8F51 /* ValidationCodeAlertView.swift */; };
		AF0B5369EE605ADB7BDF0009 /* SignUpFeatureTesting.framework in Frameworks */ = {isa = PBXBuildFile; fileRef = 9E77CEC31A19C4C2001D3197 /* SignUpFeatureTesting.framework */; platformFilter = ios; };
		B14098B997BBB01496950A65 /* libSignUpFeature.a in Frameworks */ = {isa = PBXBuildFile; fileRef = 60D7E5AA6E7A70A5460F5F87 /* libSignUpFeature.a */; platformFilter = ios; };
		B1AD4B9D8A277188F62ED18E /* TodayFeatureInterface.framework in Frameworks */ = {isa = PBXBuildFile; fileRef = DDF97B2D00DEC2FFF369E48C /* TodayFeatureInterface.framework */; platformFilter = ios; };
		B35AEF75277BF89EAF175771 /* SignUpFeatureInterface.framework in Frameworks */ = {isa = PBXBuildFile; fileRef = 6CC4F5642609620FF33A5CA5 /* SignUpFeatureInterface.framework */; platformFilter = ios; };
		BB65B114803341F579E7F91C /* NicknameStateAction.swift in Sources */ = {isa = PBXBuildFile; fileRef = D71A9B912F0806BF27C0FE17 /* NicknameStateAction.swift */; };
		CB31CC35056DA2772B83183F /* SignUpBuilder.swift in Sources */ = {isa = PBXBuildFile; fileRef = 391CB4C0BD64A9BC51A48198 /* SignUpBuilder.swift */; };
		CFF1E312B96E6D488184C782 /* NeedleFoundation.framework in Embed Frameworks */ = {isa = PBXBuildFile; fileRef = B21BE85318E6E10F3C881B8B /* NeedleFoundation.framework */; platformFilter = ios; settings = {ATTRIBUTES = (CodeSignOnCopy, RemoveHeadersOnCopy, ); }; };
		D45BCB7E96C54EB7496AE70D /* BaseDomain.framework in Embed Frameworks */ = {isa = PBXBuildFile; fileRef = FD8A79EF960A2E472B94037C /* BaseDomain.framework */; platformFilter = ios; settings = {ATTRIBUTES = (CodeSignOnCopy, RemoveHeadersOnCopy, ); }; };
		D61D0870D7DC129EA397C8B6 /* RxGesture.framework in Embed Frameworks */ = {isa = PBXBuildFile; fileRef = B2418B7A02BE8AA1979CED96 /* RxGesture.framework */; platformFilter = ios; settings = {ATTRIBUTES = (CodeSignOnCopy, RemoveHeadersOnCopy, ); }; };
		D623389F7D2FAC0E1EE96E61 /* Alamofire.framework in Embed Frameworks */ = {isa = PBXBuildFile; fileRef = AD97335A19E1738C11AF4015 /* Alamofire.framework */; platformFilter = ios; settings = {ATTRIBUTES = (CodeSignOnCopy, RemoveHeadersOnCopy, ); }; };
		D9A67A386E1552A525B6378B /* RxSwift.framework in Embed Frameworks */ = {isa = PBXBuildFile; fileRef = 7E47ACF6CE20B4A414E896B0 /* RxSwift.framework */; platformFilter = ios; settings = {ATTRIBUTES = (CodeSignOnCopy, RemoveHeadersOnCopy, ); }; };
		E4BA185946677537CBBBFFC3 /* RxDataSources.framework in Embed Frameworks */ = {isa = PBXBuildFile; fileRef = 68053F2A01040A3FF0601A12 /* RxDataSources.framework */; platformFilter = ios; settings = {ATTRIBUTES = (CodeSignOnCopy, RemoveHeadersOnCopy, ); }; };
		E4DC84EA648BF8FF68FF0044 /* SignUpRouter.swift in Sources */ = {isa = PBXBuildFile; fileRef = 41C71682FE3FCB868B8D00B9 /* SignUpRouter.swift */; };
		E62D0D7F7388BA6B04CB15CB /* GlobalThirdPartyLibrary.framework in Embed Frameworks */ = {isa = PBXBuildFile; fileRef = A86CEF0441ED27252B2A2427 /* GlobalThirdPartyLibrary.framework */; platformFilter = ios; settings = {ATTRIBUTES = (CodeSignOnCopy, RemoveHeadersOnCopy, ); }; };
		E6917001879D299274B5EB50 /* SignUpFeatureTesting.framework in Embed Frameworks */ = {isa = PBXBuildFile; fileRef = 9E77CEC31A19C4C2001D3197 /* SignUpFeatureTesting.framework */; platformFilter = ios; settings = {ATTRIBUTES = (CodeSignOnCopy, RemoveHeadersOnCopy, ); }; };
		E6E1603EA51C2AD601473068 /* RxCocoaRuntime.framework in Embed Frameworks */ = {isa = PBXBuildFile; fileRef = 530F6D5F8C3D13B20AA5E266 /* RxCocoaRuntime.framework */; platformFilter = ios; settings = {ATTRIBUTES = (CodeSignOnCopy, RemoveHeadersOnCopy, ); }; };
		E82A9831F02765F8D2CF01B7 /* TodayFeatureInterface.framework in Embed Frameworks */ = {isa = PBXBuildFile; fileRef = DDF97B2D00DEC2FFF369E48C /* TodayFeatureInterface.framework */; platformFilter = ios; settings = {ATTRIBUTES = (CodeSignOnCopy, RemoveHeadersOnCopy, ); }; };
		EB6AC9879435375B85B53FAB /* SignUpFeatureTesting.framework in Frameworks */ = {isa = PBXBuildFile; fileRef = 9E77CEC31A19C4C2001D3197 /* SignUpFeatureTesting.framework */; platformFilter = ios; };
		EC13BE2EFE304DA7F601AD73 /* SignUpFeatureInterface.framework in Frameworks */ = {isa = PBXBuildFile; fileRef = 6CC4F5642609620FF33A5CA5 /* SignUpFeatureInterface.framework */; platformFilter = ios; };
		ED43E42CDBFC7362B4CB9583 /* SignUpStateAction.swift in Sources */ = {isa = PBXBuildFile; fileRef = 4A3A7EC82595066F30ECC491 /* SignUpStateAction.swift */; };
		FFA46E00A484C35FBE9DF6E6 /* LaunchScreen.storyboard in Resources */ = {isa = PBXBuildFile; fileRef = DB38A3A55533C59B357AD983 /* LaunchScreen.storyboard */; };
/* End PBXBuildFile section */

/* Begin PBXContainerItemProxy section */
		0F804A4F9BB5D16F21EB9788 /* PBXContainerItemProxy */ = {
			isa = PBXContainerItemProxy;
			containerPortal = D1A4B7AF608C3E0E3E9DE9EE /* Project object */;
			proxyType = 1;
			remoteGlobalIDString = 2996147A3AD1B36FB84101F4;
			remoteInfo = SignUpFeatureTesting;
		};
		15DAD93C5E67718E163FBF65 /* PBXContainerItemProxy */ = {
			isa = PBXContainerItemProxy;
			containerPortal = D1A4B7AF608C3E0E3E9DE9EE /* Project object */;
			proxyType = 1;
			remoteGlobalIDString = 924165B3A475223F4B927128;
			remoteInfo = SignUpFeatureInterface;
		};
		1DB82DFE454C7EC41DEC3553 /* PBXContainerItemProxy */ = {
			isa = PBXContainerItemProxy;
			containerPortal = D1A4B7AF608C3E0E3E9DE9EE /* Project object */;
			proxyType = 1;
			remoteGlobalIDString = 2996147A3AD1B36FB84101F4;
			remoteInfo = SignUpFeatureTesting;
		};
		692EA2EA8CEF4D3DEA544E36 /* PBXContainerItemProxy */ = {
			isa = PBXContainerItemProxy;
			containerPortal = D1A4B7AF608C3E0E3E9DE9EE /* Project object */;
			proxyType = 1;
			remoteGlobalIDString = 97D3F0D7F6E17AAB1EE2F7A9;
			remoteInfo = SignUpFeature;
		};
		6B7D0B261615D44713BC8061 /* PBXContainerItemProxy */ = {
			isa = PBXContainerItemProxy;
			containerPortal = D1A4B7AF608C3E0E3E9DE9EE /* Project object */;
			proxyType = 1;
			remoteGlobalIDString = D32313801DE03642027E9731;
			remoteInfo = SignUpFeatureDemoApp;
		};
		C1D1D7DB83B62A56722D734A /* PBXContainerItemProxy */ = {
			isa = PBXContainerItemProxy;
			containerPortal = D1A4B7AF608C3E0E3E9DE9EE /* Project object */;
			proxyType = 1;
			remoteGlobalIDString = D32313801DE03642027E9731;
			remoteInfo = SignUpFeatureDemoApp;
		};
		D4BF78916EAC867E5757EE39 /* PBXContainerItemProxy */ = {
			isa = PBXContainerItemProxy;
			containerPortal = D1A4B7AF608C3E0E3E9DE9EE /* Project object */;
			proxyType = 1;
			remoteGlobalIDString = 924165B3A475223F4B927128;
			remoteInfo = SignUpFeatureInterface;
		};
		E07B04519D23299D9B82234F /* PBXContainerItemProxy */ = {
			isa = PBXContainerItemProxy;
			containerPortal = D1A4B7AF608C3E0E3E9DE9EE /* Project object */;
			proxyType = 1;
			remoteGlobalIDString = 2996147A3AD1B36FB84101F4;
			remoteInfo = SignUpFeatureTesting;
		};
/* End PBXContainerItemProxy section */

/* Begin PBXCopyFilesBuildPhase section */
		16EEA772375F40DD24E203D4 /* Embed Frameworks */ = {
			isa = PBXCopyFilesBuildPhase;
			buildActionMask = 2147483647;
			dstPath = "";
			dstSubfolderSpec = 10;
			files = (
				9EF5CD0077D670E7A2B75F74 /* SignUpFeatureInterface.framework in Embed Frameworks */,
				7D7233BE6C9FC3E6E32E0F05 /* SignUpFeatureTesting.framework in Embed Frameworks */,
			);
			name = "Embed Frameworks";
			runOnlyForDeploymentPostprocessing = 0;
		};
		1F302230C684630ED16CABF1 /* Embed Frameworks */ = {
			isa = PBXCopyFilesBuildPhase;
			buildActionMask = 2147483647;
			dstPath = "";
			dstSubfolderSpec = 10;
			files = (
				D623389F7D2FAC0E1EE96E61 /* Alamofire.framework in Embed Frameworks */,
				3807F3AA3BC4947D1DB700AC /* AppFoundation.framework in Embed Frameworks */,
				D45BCB7E96C54EB7496AE70D /* BaseDomain.framework in Embed Frameworks */,
				1AA63B2A36DDAA0562F03865 /* BaseFeature.framework in Embed Frameworks */,
				89879011160DBDB84B1F9E4F /* CoreKit.framework in Embed Frameworks */,
				7C279594F5D31499BEE75DF5 /* DesignSystem.framework in Embed Frameworks */,
				E62D0D7F7388BA6B04CB15CB /* GlobalThirdPartyLibrary.framework in Embed Frameworks */,
				123F1BD4525030A604546FCF /* Kingfisher.framework in Embed Frameworks */,
				1207C4645BE3EC507AED87CD /* LogFlume.framework in Embed Frameworks */,
				CFF1E312B96E6D488184C782 /* NeedleFoundation.framework in Embed Frameworks */,
				019195D0BB16E5DD16B132DE /* OnboardingDomainInterface.framework in Embed Frameworks */,
				38CDD1A2B82A4E223368D398 /* RIBs.framework in Embed Frameworks */,
				67A0224E8F475B0624BFD734 /* ReactorKit.framework in Embed Frameworks */,
				42B120955BB150E59775BB69 /* RxCocoa.framework in Embed Frameworks */,
				E6E1603EA51C2AD601473068 /* RxCocoaRuntime.framework in Embed Frameworks */,
				E4BA185946677537CBBBFFC3 /* RxDataSources.framework in Embed Frameworks */,
				D61D0870D7DC129EA397C8B6 /* RxGesture.framework in Embed Frameworks */,
				12232A866CF7709542692CB2 /* RxRelay.framework in Embed Frameworks */,
				D9A67A386E1552A525B6378B /* RxSwift.framework in Embed Frameworks */,
				20A22FA08468836DB2E72098 /* SignUpFeatureInterface.framework in Embed Frameworks */,
				E6917001879D299274B5EB50 /* SignUpFeatureTesting.framework in Embed Frameworks */,
				77F21B5F7A57A115BB9EB2A8 /* SkeletonView.framework in Embed Frameworks */,
				A32B7AAC4B94E998BB1472F3 /* SnapKit.framework in Embed Frameworks */,
				E82A9831F02765F8D2CF01B7 /* TodayFeatureInterface.framework in Embed Frameworks */,
			);
			name = "Embed Frameworks";
			runOnlyForDeploymentPostprocessing = 0;
		};
		33A57646330FB27C6A61270F /* Embed Frameworks */ = {
			isa = PBXCopyFilesBuildPhase;
			buildActionMask = 2147483647;
			dstPath = "";
			dstSubfolderSpec = 10;
			files = (
			);
			name = "Embed Frameworks";
			runOnlyForDeploymentPostprocessing = 0;
		};
		34BBA313F25D420EFA7FBBE2 /* Embed Frameworks */ = {
			isa = PBXCopyFilesBuildPhase;
			buildActionMask = 2147483647;
			dstPath = "";
			dstSubfolderSpec = 10;
			files = (
			);
			name = "Embed Frameworks";
			runOnlyForDeploymentPostprocessing = 0;
		};
		4236BA98E13BCDEBE4CF47CE /* Embed Frameworks */ = {
			isa = PBXCopyFilesBuildPhase;
			buildActionMask = 2147483647;
			dstPath = "";
			dstSubfolderSpec = 10;
			files = (
			);
			name = "Embed Frameworks";
			runOnlyForDeploymentPostprocessing = 0;
		};
		54EE88866E243C64CE10F477 /* Embed Frameworks */ = {
			isa = PBXCopyFilesBuildPhase;
			buildActionMask = 2147483647;
			dstPath = "";
			dstSubfolderSpec = 10;
			files = (
			);
			name = "Embed Frameworks";
			runOnlyForDeploymentPostprocessing = 0;
		};
/* End PBXCopyFilesBuildPhase section */

/* Begin PBXFileReference section */
		082EE9F20D80476094E91222 /* SignUpFeatureDemoApp-Info.plist */ = {isa = PBXFileReference; lastKnownFileType = text.plist; path = "SignUpFeatureDemoApp-Info.plist"; sourceTree = "<group>"; };
		08901490FD7FC8666A9DAD60 /* DesignSystem.framework */ = {isa = PBXFileReference; explicitFileType = wrapper.framework; includeInIndex = 0; path = DesignSystem.framework; sourceTree = BUILT_PRODUCTS_DIR; };
		2592F8D629AC64CEC9276187 /* RxCocoa.framework */ = {isa = PBXFileReference; explicitFileType = wrapper.framework; includeInIndex = 0; path = RxCocoa.framework; sourceTree = BUILT_PRODUCTS_DIR; };
		314BCB032696A9DA9AF7008E /* NicknameRouter.swift */ = {isa = PBXFileReference; lastKnownFileType = sourcecode.swift; path = NicknameRouter.swift; sourceTree = "<group>"; };
		3276CF24B75CEB097B892773 /* Kingfisher.framework */ = {isa = PBXFileReference; explicitFileType = wrapper.framework; includeInIndex = 0; path = Kingfisher.framework; sourceTree = BUILT_PRODUCTS_DIR; };
		34FD0DDC8F8D096BE7EDFCA2 /* AppFoundation.framework */ = {isa = PBXFileReference; explicitFileType = wrapper.framework; includeInIndex = 0; path = AppFoundation.framework; sourceTree = BUILT_PRODUCTS_DIR; };
		387F803B4EF071DA136897BC /* SignUpFeatureTests.xctest */ = {isa = PBXFileReference; explicitFileType = wrapper.cfbundle; includeInIndex = 0; path = SignUpFeatureTests.xctest; sourceTree = BUILT_PRODUCTS_DIR; };
		389383F4EA88956120571493 /* SnapKit.framework */ = {isa = PBXFileReference; explicitFileType = wrapper.framework; includeInIndex = 0; path = SnapKit.framework; sourceTree = BUILT_PRODUCTS_DIR; };
		391CB4C0BD64A9BC51A48198 /* SignUpBuilder.swift */ = {isa = PBXFileReference; lastKnownFileType = sourcecode.swift; path = SignUpBuilder.swift; sourceTree = "<group>"; };
		41C71682FE3FCB868B8D00B9 /* SignUpRouter.swift */ = {isa = PBXFileReference; lastKnownFileType = sourcecode.swift; path = SignUpRouter.swift; sourceTree = "<group>"; };
		42AE4073FAA4B0C875D77BEB /* SignUpInteractor.swift */ = {isa = PBXFileReference; lastKnownFileType = sourcecode.swift; path = SignUpInteractor.swift; sourceTree = "<group>"; };
		45412CF5E1B3CC06CB922E29 /* NicknameInterface.swift */ = {isa = PBXFileReference; lastKnownFileType = sourcecode.swift; path = NicknameInterface.swift; sourceTree = "<group>"; };
		47598EC250A6F0A4FE1364CC /* SignUpFeatureTest.swift */ = {isa = PBXFileReference; lastKnownFileType = sourcecode.swift; path = SignUpFeatureTest.swift; sourceTree = "<group>"; };
		4A3A7EC82595066F30ECC491 /* SignUpStateAction.swift */ = {isa = PBXFileReference; lastKnownFileType = sourcecode.swift; path = SignUpStateAction.swift; sourceTree = "<group>"; };
		530F6D5F8C3D13B20AA5E266 /* RxCocoaRuntime.framework */ = {isa = PBXFileReference; explicitFileType = wrapper.framework; includeInIndex = 0; path = RxCocoaRuntime.framework; sourceTree = BUILT_PRODUCTS_DIR; };
		59AF6F3564224CD8F2DED783 /* SignUpFeatureInterface-Info.plist */ = {isa = PBXFileReference; lastKnownFileType = text.plist; path = "SignUpFeatureInterface-Info.plist"; sourceTree = "<group>"; };
		5A07EC398FE8B75AEBB8E813 /* AgreementView.swift */ = {isa = PBXFileReference; lastKnownFileType = sourcecode.swift; path = AgreementView.swift; sourceTree = "<group>"; };
		5D3FB2DF2875B6FF7CDB1ED4 /* SignUpInterface.swift */ = {isa = PBXFileReference; lastKnownFileType = sourcecode.swift; path = SignUpInterface.swift; sourceTree = "<group>"; };
		60D7E5AA6E7A70A5460F5F87 /* libSignUpFeature.a */ = {isa = PBXFileReference; explicitFileType = archive.ar; includeInIndex = 0; path = libSignUpFeature.a; sourceTree = BUILT_PRODUCTS_DIR; };
		68053F2A01040A3FF0601A12 /* RxDataSources.framework */ = {isa = PBXFileReference; explicitFileType = wrapper.framework; includeInIndex = 0; path = RxDataSources.framework; sourceTree = BUILT_PRODUCTS_DIR; };
		6BD823BB2588176C7C2968C2 /* SkeletonView.framework */ = {isa = PBXFileReference; explicitFileType = wrapper.framework; includeInIndex = 0; path = SkeletonView.framework; sourceTree = BUILT_PRODUCTS_DIR; };
		6CC4F5642609620FF33A5CA5 /* SignUpFeatureInterface.framework */ = {isa = PBXFileReference; explicitFileType = wrapper.framework; includeInIndex = 0; path = SignUpFeatureInterface.framework; sourceTree = BUILT_PRODUCTS_DIR; };
		6EAF856AFDB9388259002318 /* NicknameInteractor.swift */ = {isa = PBXFileReference; lastKnownFileType = sourcecode.swift; path = NicknameInteractor.swift; sourceTree = "<group>"; };
		6F95857B6B4D67F1117777CF /* Shared.xcconfig */ = {isa = PBXFileReference; lastKnownFileType = text.xcconfig; path = Shared.xcconfig; sourceTree = "<group>"; };
		76D8CB58BA8BE2197048D929 /* SignUpViewController.swift */ = {isa = PBXFileReference; lastKnownFileType = sourcecode.swift; path = SignUpViewController.swift; sourceTree = "<group>"; };
		770637BA78E39DA2627D86E6 /* SignUpFeatureTesting-Info.plist */ = {isa = PBXFileReference; lastKnownFileType = text.plist; path = "SignUpFeatureTesting-Info.plist"; sourceTree = "<group>"; };
		7AB83BB0023436254CF32092 /* SignUpFeatureUITests-Info.plist */ = {isa = PBXFileReference; lastKnownFileType = text.plist; path = "SignUpFeatureUITests-Info.plist"; sourceTree = "<group>"; };
		7AC3259B70E9AB638F07C578 /* TuistBundle+SignUpFeatureDemoApp.swift */ = {isa = PBXFileReference; lastKnownFileType = sourcecode.swift; path = "TuistBundle+SignUpFeatureDemoApp.swift"; sourceTree = "<group>"; };
		7E47ACF6CE20B4A414E896B0 /* RxSwift.framework */ = {isa = PBXFileReference; explicitFileType = wrapper.framework; includeInIndex = 0; path = RxSwift.framework; sourceTree = BUILT_PRODUCTS_DIR; };
		82DEB65600EF4EA0324840F3 /* InfoViewController.swift */ = {isa = PBXFileReference; lastKnownFileType = sourcecode.swift; path = InfoViewController.swift; sourceTree = "<group>"; };
		911ECB834F04BA04B24E716B /* NicknameBuilder.swift */ = {isa = PBXFileReference; lastKnownFileType = sourcecode.swift; path = NicknameBuilder.swift; sourceTree = "<group>"; };
		9E77CEC31A19C4C2001D3197 /* SignUpFeatureTesting.framework */ = {isa = PBXFileReference; explicitFileType = wrapper.framework; includeInIndex = 0; path = SignUpFeatureTesting.framework; sourceTree = BUILT_PRODUCTS_DIR; };
		A4E9015CD72E1510CB1EA8A5 /* RIBs.framework */ = {isa = PBXFileReference; explicitFileType = wrapper.framework; includeInIndex = 0; path = RIBs.framework; sourceTree = BUILT_PRODUCTS_DIR; };
		A609788B9356A494440A8F51 /* ValidationCodeAlertView.swift */ = {isa = PBXFileReference; lastKnownFileType = sourcecode.swift; path = ValidationCodeAlertView.swift; sourceTree = "<group>"; };
		A6F9C6D08ECC3C9DA7A59729 /* SignUpFeatureDemoApp.app */ = {isa = PBXFileReference; explicitFileType = wrapper.application; includeInIndex = 0; path = SignUpFeatureDemoApp.app; sourceTree = BUILT_PRODUCTS_DIR; };
		A86CEF0441ED27252B2A2427 /* GlobalThirdPartyLibrary.framework */ = {isa = PBXFileReference; explicitFileType = wrapper.framework; includeInIndex = 0; path = GlobalThirdPartyLibrary.framework; sourceTree = BUILT_PRODUCTS_DIR; };
		AD97335A19E1738C11AF4015 /* Alamofire.framework */ = {isa = PBXFileReference; explicitFileType = wrapper.framework; includeInIndex = 0; path = Alamofire.framework; sourceTree = BUILT_PRODUCTS_DIR; };
		B0B9EF8A335FE0680FF4C5A3 /* NicknameInterface.swift */ = {isa = PBXFileReference; lastKnownFileType = sourcecode.swift; path = NicknameInterface.swift; sourceTree = "<group>"; };
		B21BE85318E6E10F3C881B8B /* NeedleFoundation.framework */ = {isa = PBXFileReference; explicitFileType = wrapper.framework; includeInIndex = 0; path = NeedleFoundation.framework; sourceTree = BUILT_PRODUCTS_DIR; };
		B2418B7A02BE8AA1979CED96 /* RxGesture.framework */ = {isa = PBXFileReference; explicitFileType = wrapper.framework; includeInIndex = 0; path = RxGesture.framework; sourceTree = BUILT_PRODUCTS_DIR; };
		BDD9361DA038F1D3427F8DDD /* SignUpInterface.swift */ = {isa = PBXFileReference; lastKnownFileType = sourcecode.swift; path = SignUpInterface.swift; sourceTree = "<group>"; };
		C842CF5A5DB36F464AF91D7C /* RxRelay.framework */ = {isa = PBXFileReference; explicitFileType = wrapper.framework; includeInIndex = 0; path = RxRelay.framework; sourceTree = BUILT_PRODUCTS_DIR; };
		C9D8CC2797CAE35EA4876D54 /* SignUpFeatureTests-Info.plist */ = {isa = PBXFileReference; lastKnownFileType = text.plist; path = "SignUpFeatureTests-Info.plist"; sourceTree = "<group>"; };
		D39C6AD2AA7C8E88B56251AD /* AppDelegate.swift */ = {isa = PBXFileReference; lastKnownFileType = sourcecode.swift; path = AppDelegate.swift; sourceTree = "<group>"; };
		D3D767D71DCAFBB8EC59B1CF /* SignUpFeatureUITests.xctest */ = {isa = PBXFileReference; explicitFileType = wrapper.cfbundle; includeInIndex = 0; path = SignUpFeatureUITests.xctest; sourceTree = BUILT_PRODUCTS_DIR; };
		D71A9B912F0806BF27C0FE17 /* NicknameStateAction.swift */ = {isa = PBXFileReference; lastKnownFileType = sourcecode.swift; path = NicknameStateAction.swift; sourceTree = "<group>"; };
		DB38A3A55533C59B357AD983 /* LaunchScreen.storyboard */ = {isa = PBXFileReference; lastKnownFileType = file.storyboard; path = LaunchScreen.storyboard; sourceTree = "<group>"; };
		DD4BEFF7AA4A086640F0BE10 /* NicknameViewController.swift */ = {isa = PBXFileReference; lastKnownFileType = sourcecode.swift; path = NicknameViewController.swift; sourceTree = "<group>"; };
		DDF97B2D00DEC2FFF369E48C /* TodayFeatureInterface.framework */ = {isa = PBXFileReference; explicitFileType = wrapper.framework; includeInIndex = 0; path = TodayFeatureInterface.framework; sourceTree = BUILT_PRODUCTS_DIR; };
		DF1F2C546EDE219B5FF12BCE /* CoreKit.framework */ = {isa = PBXFileReference; explicitFileType = wrapper.framework; includeInIndex = 0; path = CoreKit.framework; sourceTree = BUILT_PRODUCTS_DIR; };
		E1FBE1F7723A76185A5281D5 /* ReactorKit.framework */ = {isa = PBXFileReference; explicitFileType = wrapper.framework; includeInIndex = 0; path = ReactorKit.framework; sourceTree = BUILT_PRODUCTS_DIR; };
		F602018A7EF2100A82C7C070 /* LogFlume.framework */ = {isa = PBXFileReference; explicitFileType = wrapper.framework; includeInIndex = 0; path = LogFlume.framework; sourceTree = BUILT_PRODUCTS_DIR; };
		F7512B0541C2721028715552 /* BaseFeature.framework */ = {isa = PBXFileReference; explicitFileType = wrapper.framework; includeInIndex = 0; path = BaseFeature.framework; sourceTree = BUILT_PRODUCTS_DIR; };
		FC7D728F1033987F0758E3F2 /* OnboardingDomainInterface.framework */ = {isa = PBXFileReference; explicitFileType = wrapper.framework; includeInIndex = 0; path = OnboardingDomainInterface.framework; sourceTree = BUILT_PRODUCTS_DIR; };
		FD8A79EF960A2E472B94037C /* BaseDomain.framework */ = {isa = PBXFileReference; explicitFileType = wrapper.framework; includeInIndex = 0; path = BaseDomain.framework; sourceTree = BUILT_PRODUCTS_DIR; };
/* End PBXFileReference section */

/* Begin PBXFrameworksBuildPhase section */
		2033A844D3FEE90DD46B4EA9 /* Frameworks */ = {
			isa = PBXFrameworksBuildPhase;
			buildActionMask = 2147483647;
			files = (
			);
			runOnlyForDeploymentPostprocessing = 0;
		};
		259DAB24D7017B68F4475873 /* Frameworks */ = {
			isa = PBXFrameworksBuildPhase;
			buildActionMask = 2147483647;
			files = (
				4A1838BE137C235DE585D729 /* SignUpFeatureTesting.framework in Frameworks */,
			);
			runOnlyForDeploymentPostprocessing = 0;
		};
		5B8A27C02F2BFBB210EF09F4 /* Frameworks */ = {
			isa = PBXFrameworksBuildPhase;
			buildActionMask = 2147483647;
			files = (
				AF0B5369EE605ADB7BDF0009 /* SignUpFeatureTesting.framework in Frameworks */,
			);
			runOnlyForDeploymentPostprocessing = 0;
		};
		63A4972B1108B198ED88FC06 /* Frameworks */ = {
			isa = PBXFrameworksBuildPhase;
			buildActionMask = 2147483647;
			files = (
				B35AEF75277BF89EAF175771 /* SignUpFeatureInterface.framework in Frameworks */,
			);
			runOnlyForDeploymentPostprocessing = 0;
		};
		732E3E27FED71C4F802FA006 /* Frameworks */ = {
			isa = PBXFrameworksBuildPhase;
			buildActionMask = 2147483647;
			files = (
				86667E856991555FD7C13FD5 /* BaseFeature.framework in Frameworks */,
				2265F83F514487619116B9E2 /* SignUpFeatureInterface.framework in Frameworks */,
				582C33ACC151BF7970EAFDD3 /* TodayFeatureInterface.framework in Frameworks */,
			);
			runOnlyForDeploymentPostprocessing = 0;
		};
		D9EB6E96BD8FB72FEC7B8973 /* Frameworks */ = {
			isa = PBXFrameworksBuildPhase;
			buildActionMask = 2147483647;
			files = (
				73557360391EF81E4FDE7D62 /* BaseFeature.framework in Frameworks */,
				B14098B997BBB01496950A65 /* libSignUpFeature.a in Frameworks */,
				EC13BE2EFE304DA7F601AD73 /* SignUpFeatureInterface.framework in Frameworks */,
				EB6AC9879435375B85B53FAB /* SignUpFeatureTesting.framework in Frameworks */,
				B1AD4B9D8A277188F62ED18E /* TodayFeatureInterface.framework in Frameworks */,
			);
			runOnlyForDeploymentPostprocessing = 0;
		};
/* End PBXFrameworksBuildPhase section */

/* Begin PBXGroup section */
		01776F2CB38550E1ED3E0FED /* Frameworks */ = {
			isa = PBXGroup;
			children = (
			);
			name = Frameworks;
			sourceTree = "<group>";
		};
		06A545DB8143D32861A897C8 /* Sources */ = {
			isa = PBXGroup;
			children = (
				D39C6AD2AA7C8E88B56251AD /* AppDelegate.swift */,
			);
			path = Sources;
			sourceTree = "<group>";
		};
		129391A2EED6FDE02BBFFA3D /* Resources */ = {
			isa = PBXGroup;
			children = (
				DB38A3A55533C59B357AD983 /* LaunchScreen.storyboard */,
			);
			path = Resources;
			sourceTree = "<group>";
		};
		19BC0D4BBE73BF35F947DA5C /* InfoPlists */ = {
			isa = PBXGroup;
			children = (
				082EE9F20D80476094E91222 /* SignUpFeatureDemoApp-Info.plist */,
				59AF6F3564224CD8F2DED783 /* SignUpFeatureInterface-Info.plist */,
				770637BA78E39DA2627D86E6 /* SignUpFeatureTesting-Info.plist */,
				C9D8CC2797CAE35EA4876D54 /* SignUpFeatureTests-Info.plist */,
				7AB83BB0023436254CF32092 /* SignUpFeatureUITests-Info.plist */,
			);
			path = InfoPlists;
			sourceTree = "<group>";
		};
		25B73DBCDD53634D9EC015B7 /* Interface */ = {
			isa = PBXGroup;
			children = (
				B0B9EF8A335FE0680FF4C5A3 /* NicknameInterface.swift */,
				5D3FB2DF2875B6FF7CDB1ED4 /* SignUpInterface.swift */,
			);
			path = Interface;
			sourceTree = "<group>";
		};
		4DD2DA09874771D6D9596F23 /* Sources */ = {
			isa = PBXGroup;
			children = (
				9F05FDB219758EBCC2FDBE88 /* Compoenents */,
				D87F85BF7D0F2B81E9995ACA /* Nickname */,
				391CB4C0BD64A9BC51A48198 /* SignUpBuilder.swift */,
				42AE4073FAA4B0C875D77BEB /* SignUpInteractor.swift */,
				41C71682FE3FCB868B8D00B9 /* SignUpRouter.swift */,
				4A3A7EC82595066F30ECC491 /* SignUpStateAction.swift */,
				76D8CB58BA8BE2197048D929 /* SignUpViewController.swift */,
			);
			path = Sources;
			sourceTree = "<group>";
		};
		61AE69D1CB9F54A256056801 /* Testing */ = {
			isa = PBXGroup;
			children = (
				45412CF5E1B3CC06CB922E29 /* NicknameInterface.swift */,
				BDD9361DA038F1D3427F8DDD /* SignUpInterface.swift */,
			);
			path = Testing;
			sourceTree = "<group>";
		};
		61FF96DB81BEBA8F6902FC04 /* Demo */ = {
			isa = PBXGroup;
			children = (
				129391A2EED6FDE02BBFFA3D /* Resources */,
				06A545DB8143D32861A897C8 /* Sources */,
			);
			path = Demo;
			sourceTree = "<group>";
		};
		64C023819884944AB10BF24C /* Derived */ = {
			isa = PBXGroup;
			children = (
				19BC0D4BBE73BF35F947DA5C /* InfoPlists */,
				F867BFD2CDF944662E3A0128 /* Sources */,
			);
			path = Derived;
			sourceTree = "<group>";
		};
		991602C198F789DFFA806754 = {
			isa = PBXGroup;
			children = (
				FA5155C11C18A592319BA520 /* Project */,
				01776F2CB38550E1ED3E0FED /* Frameworks */,
				99DB1C4284015746D9FA146E /* Products */,
			);
			sourceTree = "<group>";
		};
		99DB1C4284015746D9FA146E /* Products */ = {
			isa = PBXGroup;
			children = (
				AD97335A19E1738C11AF4015 /* Alamofire.framework */,
				34FD0DDC8F8D096BE7EDFCA2 /* AppFoundation.framework */,
				FD8A79EF960A2E472B94037C /* BaseDomain.framework */,
				F7512B0541C2721028715552 /* BaseFeature.framework */,
				DF1F2C546EDE219B5FF12BCE /* CoreKit.framework */,
				08901490FD7FC8666A9DAD60 /* DesignSystem.framework */,
				A86CEF0441ED27252B2A2427 /* GlobalThirdPartyLibrary.framework */,
				3276CF24B75CEB097B892773 /* Kingfisher.framework */,
				60D7E5AA6E7A70A5460F5F87 /* libSignUpFeature.a */,
				F602018A7EF2100A82C7C070 /* LogFlume.framework */,
				B21BE85318E6E10F3C881B8B /* NeedleFoundation.framework */,
				FC7D728F1033987F0758E3F2 /* OnboardingDomainInterface.framework */,
				E1FBE1F7723A76185A5281D5 /* ReactorKit.framework */,
				A4E9015CD72E1510CB1EA8A5 /* RIBs.framework */,
				2592F8D629AC64CEC9276187 /* RxCocoa.framework */,
				530F6D5F8C3D13B20AA5E266 /* RxCocoaRuntime.framework */,
				68053F2A01040A3FF0601A12 /* RxDataSources.framework */,
				B2418B7A02BE8AA1979CED96 /* RxGesture.framework */,
				C842CF5A5DB36F464AF91D7C /* RxRelay.framework */,
				7E47ACF6CE20B4A414E896B0 /* RxSwift.framework */,
				A6F9C6D08ECC3C9DA7A59729 /* SignUpFeatureDemoApp.app */,
				6CC4F5642609620FF33A5CA5 /* SignUpFeatureInterface.framework */,
				9E77CEC31A19C4C2001D3197 /* SignUpFeatureTesting.framework */,
				387F803B4EF071DA136897BC /* SignUpFeatureTests.xctest */,
				D3D767D71DCAFBB8EC59B1CF /* SignUpFeatureUITests.xctest */,
				6BD823BB2588176C7C2968C2 /* SkeletonView.framework */,
				389383F4EA88956120571493 /* SnapKit.framework */,
				DDF97B2D00DEC2FFF369E48C /* TodayFeatureInterface.framework */,
			);
			name = Products;
			sourceTree = "<group>";
		};
		9F05FDB219758EBCC2FDBE88 /* Compoenents */ = {
			isa = PBXGroup;
			children = (
				5A07EC398FE8B75AEBB8E813 /* AgreementView.swift */,
				82DEB65600EF4EA0324840F3 /* InfoViewController.swift */,
				A609788B9356A494440A8F51 /* ValidationCodeAlertView.swift */,
			);
			path = Compoenents;
			sourceTree = "<group>";
		};
		B12101E733733366EC868AB1 /* Tests */ = {
			isa = PBXGroup;
			children = (
				47598EC250A6F0A4FE1364CC /* SignUpFeatureTest.swift */,
			);
			path = Tests;
			sourceTree = "<group>";
		};
		D153DD77BBF61D3E5BEBF4E8 /* XCConfig */ = {
			isa = PBXGroup;
			children = (
				6F95857B6B4D67F1117777CF /* Shared.xcconfig */,
			);
			name = XCConfig;
			path = ../../../XCConfig;
			sourceTree = "<group>";
		};
		D87F85BF7D0F2B81E9995ACA /* Nickname */ = {
			isa = PBXGroup;
			children = (
				911ECB834F04BA04B24E716B /* NicknameBuilder.swift */,
				6EAF856AFDB9388259002318 /* NicknameInteractor.swift */,
				314BCB032696A9DA9AF7008E /* NicknameRouter.swift */,
				D71A9B912F0806BF27C0FE17 /* NicknameStateAction.swift */,
				DD4BEFF7AA4A086640F0BE10 /* NicknameViewController.swift */,
			);
			path = Nickname;
			sourceTree = "<group>";
		};
		F867BFD2CDF944662E3A0128 /* Sources */ = {
			isa = PBXGroup;
			children = (
				7AC3259B70E9AB638F07C578 /* TuistBundle+SignUpFeatureDemoApp.swift */,
			);
			path = Sources;
			sourceTree = "<group>";
		};
		FA5155C11C18A592319BA520 /* Project */ = {
			isa = PBXGroup;
			children = (
				61FF96DB81BEBA8F6902FC04 /* Demo */,
				64C023819884944AB10BF24C /* Derived */,
				25B73DBCDD53634D9EC015B7 /* Interface */,
				4DD2DA09874771D6D9596F23 /* Sources */,
				61AE69D1CB9F54A256056801 /* Testing */,
				B12101E733733366EC868AB1 /* Tests */,
				D153DD77BBF61D3E5BEBF4E8 /* XCConfig */,
			);
			name = Project;
			sourceTree = "<group>";
		};
/* End PBXGroup section */

/* Begin PBXNativeTarget section */
		2996147A3AD1B36FB84101F4 /* SignUpFeatureTesting */ = {
			isa = PBXNativeTarget;
			buildConfigurationList = 4D1E12EC5918EF511F7BEB79 /* Build configuration list for PBXNativeTarget "SignUpFeatureTesting" */;
			buildPhases = (
				AA3EE62C3CF6DF633DCBE3E4 /* Sources */,
				EA486E6F8DA8EF09FA205EAE /* Resources */,
				4236BA98E13BCDEBE4CF47CE /* Embed Frameworks */,
				63A4972B1108B198ED88FC06 /* Frameworks */,
			);
			buildRules = (
			);
			dependencies = (
				D3540E9CD1EB608A2764D7AE /* PBXTargetDependency */,
			);
			name = SignUpFeatureTesting;
			productName = SignUpFeatureTesting;
			productReference = 9E77CEC31A19C4C2001D3197 /* SignUpFeatureTesting.framework */;
			productType = "com.apple.product-type.framework";
		};
		71AA960D4E6DA57810658692 /* SignUpFeatureTests */ = {
			isa = PBXNativeTarget;
			buildConfigurationList = 40473E1F7BA3032101653314 /* Build configuration list for PBXNativeTarget "SignUpFeatureTests" */;
			buildPhases = (
				3DCE9FE9BEC0806BE7221230 /* Sources */,
				46B6D0D7325FFFCFEA5B0487 /* Resources */,
				54EE88866E243C64CE10F477 /* Embed Frameworks */,
				259DAB24D7017B68F4475873 /* Frameworks */,
			);
			buildRules = (
			);
			dependencies = (
				57CE3EEDA0ED0EC21AFD9FDE /* PBXTargetDependency */,
				BF96418AA96602D5CF325E9C /* PBXTargetDependency */,
			);
			name = SignUpFeatureTests;
			productName = SignUpFeatureTests;
			productReference = 387F803B4EF071DA136897BC /* SignUpFeatureTests.xctest */;
			productType = "com.apple.product-type.bundle.unit-test";
		};
		7213AB01696A579625F0B8F3 /* SignUpFeatureUITests */ = {
			isa = PBXNativeTarget;
			buildConfigurationList = EC1AACD7EC0B59B83603FA3C /* Build configuration list for PBXNativeTarget "SignUpFeatureUITests" */;
			buildPhases = (
				A3DC9343987B7500F9C67979 /* Sources */,
				A078F108A29BEC96A7E52EF2 /* Resources */,
				16EEA772375F40DD24E203D4 /* Embed Frameworks */,
				5B8A27C02F2BFBB210EF09F4 /* Frameworks */,
			);
			buildRules = (
			);
			dependencies = (
				9049E460A11A8880C148476A /* PBXTargetDependency */,
				7BBA80D68F1293C1EA9DD27C /* PBXTargetDependency */,
			);
			name = SignUpFeatureUITests;
			productName = SignUpFeatureUITests;
			productReference = D3D767D71DCAFBB8EC59B1CF /* SignUpFeatureUITests.xctest */;
			productType = "com.apple.product-type.bundle.ui-testing";
		};
		924165B3A475223F4B927128 /* SignUpFeatureInterface */ = {
			isa = PBXNativeTarget;
			buildConfigurationList = 9E45C394C11B8ADF1FF6B755 /* Build configuration list for PBXNativeTarget "SignUpFeatureInterface" */;
			buildPhases = (
				7ACBE8500B601F78071463C4 /* Sources */,
				CD274D17B8DBF892E5767774 /* Resources */,
				33A57646330FB27C6A61270F /* Embed Frameworks */,
				2033A844D3FEE90DD46B4EA9 /* Frameworks */,
			);
			buildRules = (
			);
			dependencies = (
			);
			name = SignUpFeatureInterface;
			productName = SignUpFeatureInterface;
			productReference = 6CC4F5642609620FF33A5CA5 /* SignUpFeatureInterface.framework */;
			productType = "com.apple.product-type.framework";
		};
		97D3F0D7F6E17AAB1EE2F7A9 /* SignUpFeature */ = {
			isa = PBXNativeTarget;
			buildConfigurationList = 41724932E724C0A1ACAECF00 /* Build configuration list for PBXNativeTarget "SignUpFeature" */;
			buildPhases = (
				A4EAAD1DED70DEACC583C44A /* Sources */,
				CD46EED2622C1B2B8E41347F /* Resources */,
				34BBA313F25D420EFA7FBBE2 /* Embed Frameworks */,
				732E3E27FED71C4F802FA006 /* Frameworks */,
			);
			buildRules = (
			);
			dependencies = (
				9F4347C2FAC5F05C882ED749 /* PBXTargetDependency */,
			);
			name = SignUpFeature;
			productName = SignUpFeature;
			productReference = 60D7E5AA6E7A70A5460F5F87 /* libSignUpFeature.a */;
			productType = "com.apple.product-type.library.static";
		};
		D32313801DE03642027E9731 /* SignUpFeatureDemoApp */ = {
			isa = PBXNativeTarget;
			buildConfigurationList = C3D61C8A767172B36021E9C3 /* Build configuration list for PBXNativeTarget "SignUpFeatureDemoApp" */;
			buildPhases = (
				D02691CE0BAA8EF8DA0347BE /* Sources */,
				DF06FB674B04108257B63EFA /* Resources */,
				1F302230C684630ED16CABF1 /* Embed Frameworks */,
				D9EB6E96BD8FB72FEC7B8973 /* Frameworks */,
			);
			buildRules = (
			);
			dependencies = (
				584F4B76EDDC6F562ADE5895 /* PBXTargetDependency */,
				7BAA1B1F1040F2A2C8F4167F /* PBXTargetDependency */,
			);
			name = SignUpFeatureDemoApp;
			productName = SignUpFeatureDemoApp;
			productReference = A6F9C6D08ECC3C9DA7A59729 /* SignUpFeatureDemoApp.app */;
			productType = "com.apple.product-type.application";
		};
/* End PBXNativeTarget section */

/* Begin PBXProject section */
		D1A4B7AF608C3E0E3E9DE9EE /* Project object */ = {
			isa = PBXProject;
			attributes = {
				ORGANIZATIONNAME = Omos;
				TargetAttributes = {
					71AA960D4E6DA57810658692 = {
						TestTargetID = D32313801DE03642027E9731;
					};
					7213AB01696A579625F0B8F3 = {
						TestTargetID = D32313801DE03642027E9731;
					};
				};
			};
			buildConfigurationList = CFAC97BB57AD5B7911084D71 /* Build configuration list for PBXProject "SignUpFeature" */;
			compatibilityVersion = "Xcode 13.0";
			developmentRegion = en;
			hasScannedForEncodings = 0;
			knownRegions = (
				Base,
				en,
			);
			mainGroup = 991602C198F789DFFA806754;
			productRefGroup = 99DB1C4284015746D9FA146E /* Products */;
			projectDirPath = "";
			projectRoot = "";
			targets = (
				924165B3A475223F4B927128 /* SignUpFeatureInterface */,
				97D3F0D7F6E17AAB1EE2F7A9 /* SignUpFeature */,
				2996147A3AD1B36FB84101F4 /* SignUpFeatureTesting */,
				71AA960D4E6DA57810658692 /* SignUpFeatureTests */,
				7213AB01696A579625F0B8F3 /* SignUpFeatureUITests */,
				D32313801DE03642027E9731 /* SignUpFeatureDemoApp */,
			);
		};
/* End PBXProject section */

/* Begin PBXResourcesBuildPhase section */
		46B6D0D7325FFFCFEA5B0487 /* Resources */ = {
			isa = PBXResourcesBuildPhase;
			buildActionMask = 2147483647;
			files = (
			);
			runOnlyForDeploymentPostprocessing = 0;
		};
		A078F108A29BEC96A7E52EF2 /* Resources */ = {
			isa = PBXResourcesBuildPhase;
			buildActionMask = 2147483647;
			files = (
			);
			runOnlyForDeploymentPostprocessing = 0;
		};
		CD274D17B8DBF892E5767774 /* Resources */ = {
			isa = PBXResourcesBuildPhase;
			buildActionMask = 2147483647;
			files = (
			);
			runOnlyForDeploymentPostprocessing = 0;
		};
		CD46EED2622C1B2B8E41347F /* Resources */ = {
			isa = PBXResourcesBuildPhase;
			buildActionMask = 2147483647;
			files = (
			);
			runOnlyForDeploymentPostprocessing = 0;
		};
		DF06FB674B04108257B63EFA /* Resources */ = {
			isa = PBXResourcesBuildPhase;
			buildActionMask = 2147483647;
			files = (
				FFA46E00A484C35FBE9DF6E6 /* LaunchScreen.storyboard in Resources */,
			);
			runOnlyForDeploymentPostprocessing = 0;
		};
		EA486E6F8DA8EF09FA205EAE /* Resources */ = {
			isa = PBXResourcesBuildPhase;
			buildActionMask = 2147483647;
			files = (
			);
			runOnlyForDeploymentPostprocessing = 0;
		};
/* End PBXResourcesBuildPhase section */

/* Begin PBXSourcesBuildPhase section */
		3DCE9FE9BEC0806BE7221230 /* Sources */ = {
			isa = PBXSourcesBuildPhase;
			buildActionMask = 2147483647;
			files = (
				854D888B7324ADB31B30A251 /* SignUpFeatureTest.swift in Sources */,
			);
			runOnlyForDeploymentPostprocessing = 0;
		};
		7ACBE8500B601F78071463C4 /* Sources */ = {
			isa = PBXSourcesBuildPhase;
			buildActionMask = 2147483647;
			files = (
				2E309BD78911BC61E70E912E /* NicknameInterface.swift in Sources */,
				493CC60E7FC3B3A22337D99A /* SignUpInterface.swift in Sources */,
			);
			runOnlyForDeploymentPostprocessing = 0;
		};
		A3DC9343987B7500F9C67979 /* Sources */ = {
			isa = PBXSourcesBuildPhase;
			buildActionMask = 2147483647;
			files = (
			);
			runOnlyForDeploymentPostprocessing = 0;
		};
		A4EAAD1DED70DEACC583C44A /* Sources */ = {
			isa = PBXSourcesBuildPhase;
			buildActionMask = 2147483647;
			files = (
				71C4A05070A7D3079DCFE1AC /* AgreementView.swift in Sources */,
				607E998EA6C41113A8FBCC68 /* InfoViewController.swift in Sources */,
				A841D3AD2EDCE980220803F9 /* ValidationCodeAlertView.swift in Sources */,
				170461C3BF6AF2152AA97AE0 /* NicknameBuilder.swift in Sources */,
				6774576E05D0B5CF965C3A6B /* NicknameInteractor.swift in Sources */,
				242DF086C4EA57CCF9C80C19 /* NicknameRouter.swift in Sources */,
				BB65B114803341F579E7F91C /* NicknameStateAction.swift in Sources */,
				06544374FC0AD924CACD5ADE /* NicknameViewController.swift in Sources */,
				CB31CC35056DA2772B83183F /* SignUpBuilder.swift in Sources */,
				173D42CAE061F777FBE40E12 /* SignUpInteractor.swift in Sources */,
				E4DC84EA648BF8FF68FF0044 /* SignUpRouter.swift in Sources */,
				ED43E42CDBFC7362B4CB9583 /* SignUpStateAction.swift in Sources */,
				5E526DE58C0C320B68AD5142 /* SignUpViewController.swift in Sources */,
			);
			runOnlyForDeploymentPostprocessing = 0;
		};
		AA3EE62C3CF6DF633DCBE3E4 /* Sources */ = {
			isa = PBXSourcesBuildPhase;
			buildActionMask = 2147483647;
			files = (
				9952F9374F155BA7BFEE5D02 /* NicknameInterface.swift in Sources */,
				63F8672FD8FEBFD5E3D45B05 /* SignUpInterface.swift in Sources */,
			);
			runOnlyForDeploymentPostprocessing = 0;
		};
		D02691CE0BAA8EF8DA0347BE /* Sources */ = {
			isa = PBXSourcesBuildPhase;
			buildActionMask = 2147483647;
			files = (
				59E9038A530BA351BF9567E8 /* AppDelegate.swift in Sources */,
				955BF3181258936AE865EA9F /* TuistBundle+SignUpFeatureDemoApp.swift in Sources */,
			);
			runOnlyForDeploymentPostprocessing = 0;
		};
/* End PBXSourcesBuildPhase section */

/* Begin PBXTargetDependency section */
		57CE3EEDA0ED0EC21AFD9FDE /* PBXTargetDependency */ = {
			isa = PBXTargetDependency;
			name = SignUpFeatureDemoApp;
			target = D32313801DE03642027E9731 /* SignUpFeatureDemoApp */;
			targetProxy = C1D1D7DB83B62A56722D734A /* PBXContainerItemProxy */;
		};
		584F4B76EDDC6F562ADE5895 /* PBXTargetDependency */ = {
			isa = PBXTargetDependency;
			name = SignUpFeature;
			target = 97D3F0D7F6E17AAB1EE2F7A9 /* SignUpFeature */;
			targetProxy = 692EA2EA8CEF4D3DEA544E36 /* PBXContainerItemProxy */;
		};
		7BAA1B1F1040F2A2C8F4167F /* PBXTargetDependency */ = {
			isa = PBXTargetDependency;
			name = SignUpFeatureTesting;
			target = 2996147A3AD1B36FB84101F4 /* SignUpFeatureTesting */;
			targetProxy = 0F804A4F9BB5D16F21EB9788 /* PBXContainerItemProxy */;
		};
		7BBA80D68F1293C1EA9DD27C /* PBXTargetDependency */ = {
			isa = PBXTargetDependency;
			name = SignUpFeatureTesting;
			target = 2996147A3AD1B36FB84101F4 /* SignUpFeatureTesting */;
			targetProxy = E07B04519D23299D9B82234F /* PBXContainerItemProxy */;
		};
		9049E460A11A8880C148476A /* PBXTargetDependency */ = {
			isa = PBXTargetDependency;
			name = SignUpFeatureDemoApp;
			target = D32313801DE03642027E9731 /* SignUpFeatureDemoApp */;
			targetProxy = 6B7D0B261615D44713BC8061 /* PBXContainerItemProxy */;
		};
		9F4347C2FAC5F05C882ED749 /* PBXTargetDependency */ = {
			isa = PBXTargetDependency;
			name = SignUpFeatureInterface;
			target = 924165B3A475223F4B927128 /* SignUpFeatureInterface */;
			targetProxy = D4BF78916EAC867E5757EE39 /* PBXContainerItemProxy */;
		};
		BF96418AA96602D5CF325E9C /* PBXTargetDependency */ = {
			isa = PBXTargetDependency;
			name = SignUpFeatureTesting;
			target = 2996147A3AD1B36FB84101F4 /* SignUpFeatureTesting */;
			targetProxy = 1DB82DFE454C7EC41DEC3553 /* PBXContainerItemProxy */;
		};
		D3540E9CD1EB608A2764D7AE /* PBXTargetDependency */ = {
			isa = PBXTargetDependency;
			name = SignUpFeatureInterface;
			target = 924165B3A475223F4B927128 /* SignUpFeatureInterface */;
			targetProxy = 15DAD93C5E67718E163FBF65 /* PBXContainerItemProxy */;
		};
/* End PBXTargetDependency section */

/* Begin XCBuildConfiguration section */
		1909F801F353CCBF843FC4DC /* STAGE */ = {
			isa = XCBuildConfiguration;
			buildSettings = {
				CODE_SIGN_IDENTITY = "iPhone Developer";
				IPHONEOS_DEPLOYMENT_TARGET = 16.0;
				OTHER_LDFLAGS = "-ObjC";
				PRODUCT_BUNDLE_IDENTIFIER = Omos.SignUpFeature;
				PRODUCT_NAME = SignUpFeature;
				SDKROOT = iphoneos;
				SKIP_INSTALL = YES;
				SUPPORTS_MACCATALYST = NO;
				SUPPORTS_MAC_DESIGNED_FOR_IPHONE_IPAD = YES;
				SWIFT_ACTIVE_COMPILATION_CONDITIONS = DEBUG;
				SWIFT_COMPILATION_MODE = singlefile;
				SWIFT_OPTIMIZATION_LEVEL = "-Onone";
				SWIFT_VERSION = 5.0;
				TARGETED_DEVICE_FAMILY = "1,2";
			};
			name = STAGE;
		};
		24A9F055EF116FEE6E91F088 /* PROD */ = {
			isa = XCBuildConfiguration;
			buildSettings = {
				BUNDLE_LOADER = "$(TEST_HOST)";
				CODE_SIGN_IDENTITY = "iPhone Developer";
				INFOPLIST_FILE = "Derived/InfoPlists/SignUpFeatureTests-Info.plist";
				IPHONEOS_DEPLOYMENT_TARGET = 16.0;
				LD_RUNPATH_SEARCH_PATHS = (
					"$(inherited)",
					"@executable_path/Frameworks",
					"@loader_path/Frameworks",
				);
				PRODUCT_BUNDLE_IDENTIFIER = Omos.SignUpFeatureTests;
				PRODUCT_NAME = SignUpFeatureTests;
				SDKROOT = iphoneos;
				SUPPORTS_MACCATALYST = NO;
				SUPPORTS_MAC_DESIGNED_FOR_IPHONE_IPAD = YES;
				SWIFT_COMPILATION_MODE = wholemodule;
				SWIFT_OPTIMIZATION_LEVEL = "-Owholemodule";
				SWIFT_VERSION = 5.0;
				TARGETED_DEVICE_FAMILY = "1,2";
				TEST_HOST = "$(BUILT_PRODUCTS_DIR)/SignUpFeatureDemoApp.app/SignUpFeatureDemoApp";
				TEST_TARGET_NAME = SignUpFeatureDemoApp;
			};
			name = PROD;
		};
		319957BFAB4BCFEA96610221 /* PROD */ = {
			isa = XCBuildConfiguration;
			buildSettings = {
				CODE_SIGN_IDENTITY = "iPhone Developer";
				IPHONEOS_DEPLOYMENT_TARGET = 16.0;
				OTHER_LDFLAGS = "-ObjC";
				PRODUCT_BUNDLE_IDENTIFIER = Omos.SignUpFeature;
				PRODUCT_NAME = SignUpFeature;
				SDKROOT = iphoneos;
				SKIP_INSTALL = YES;
				SUPPORTS_MACCATALYST = NO;
				SUPPORTS_MAC_DESIGNED_FOR_IPHONE_IPAD = YES;
				SWIFT_COMPILATION_MODE = wholemodule;
				SWIFT_OPTIMIZATION_LEVEL = "-Owholemodule";
				SWIFT_VERSION = 5.0;
				TARGETED_DEVICE_FAMILY = "1,2";
			};
			name = PROD;
		};
		34DD69F7D4ACA395FA4C2E45 /* DEV */ = {
			isa = XCBuildConfiguration;
			buildSettings = {
				CODE_SIGN_IDENTITY = "";
				CURRENT_PROJECT_VERSION = 1;
				DEFINES_MODULE = YES;
				DYLIB_COMPATIBILITY_VERSION = 1;
				DYLIB_CURRENT_VERSION = 1;
				DYLIB_INSTALL_NAME_BASE = "@rpath";
				INFOPLIST_FILE = "Derived/InfoPlists/SignUpFeatureTesting-Info.plist";
				INSTALL_PATH = "$(LOCAL_LIBRARY_DIR)/Frameworks";
				IPHONEOS_DEPLOYMENT_TARGET = 16.0;
				LD_RUNPATH_SEARCH_PATHS = (
					"$(inherited)",
					"@executable_path/Frameworks",
					"@loader_path/Frameworks",
				);
				PRODUCT_BUNDLE_IDENTIFIER = Omos.SignUpFeatureTesting;
				PRODUCT_NAME = SignUpFeatureTesting;
				SDKROOT = iphoneos;
				SKIP_INSTALL = YES;
				SUPPORTS_MACCATALYST = NO;
				SUPPORTS_MAC_DESIGNED_FOR_IPHONE_IPAD = YES;
				SWIFT_ACTIVE_COMPILATION_CONDITIONS = DEBUG;
				SWIFT_COMPILATION_MODE = singlefile;
				SWIFT_OPTIMIZATION_LEVEL = "-Onone";
				SWIFT_VERSION = 5.0;
				TARGETED_DEVICE_FAMILY = "1,2";
				VERSIONING_SYSTEM = "apple-generic";
				VERSION_INFO_PREFIX = "";
			};
			name = DEV;
		};
		35BE915C57E12397495F911C /* STAGE */ = {
			isa = XCBuildConfiguration;
			buildSettings = {
				CODE_SIGN_IDENTITY = "";
				CURRENT_PROJECT_VERSION = 1;
				DEFINES_MODULE = YES;
				DYLIB_COMPATIBILITY_VERSION = 1;
				DYLIB_CURRENT_VERSION = 1;
				DYLIB_INSTALL_NAME_BASE = "@rpath";
				INFOPLIST_FILE = "Derived/InfoPlists/SignUpFeatureInterface-Info.plist";
				INSTALL_PATH = "$(LOCAL_LIBRARY_DIR)/Frameworks";
				IPHONEOS_DEPLOYMENT_TARGET = 16.0;
				LD_RUNPATH_SEARCH_PATHS = (
					"$(inherited)",
					"@executable_path/Frameworks",
					"@loader_path/Frameworks",
				);
				PRODUCT_BUNDLE_IDENTIFIER = Omos.SignUpFeatureInterface;
				PRODUCT_NAME = SignUpFeatureInterface;
				SDKROOT = iphoneos;
				SKIP_INSTALL = YES;
				SUPPORTS_MACCATALYST = NO;
				SUPPORTS_MAC_DESIGNED_FOR_IPHONE_IPAD = YES;
				SWIFT_ACTIVE_COMPILATION_CONDITIONS = DEBUG;
				SWIFT_COMPILATION_MODE = singlefile;
				SWIFT_OPTIMIZATION_LEVEL = "-Onone";
				SWIFT_VERSION = 5.0;
				TARGETED_DEVICE_FAMILY = "1,2";
				VERSIONING_SYSTEM = "apple-generic";
				VERSION_INFO_PREFIX = "";
			};
			name = STAGE;
		};
		48350AEC65A0556EE3A0BA47 /* DEV */ = {
			isa = XCBuildConfiguration;
			baseConfigurationReference = 6F95857B6B4D67F1117777CF /* Shared.xcconfig */;
			buildSettings = {
				ALWAYS_SEARCH_USER_PATHS = NO;
				CLANG_ANALYZER_LOCALIZABILITY_NONLOCALIZED = YES;
				CLANG_ANALYZER_NONNULL = YES;
				CLANG_ANALYZER_NUMBER_OBJECT_CONVERSION = YES_AGGRESSIVE;
				CLANG_CXX_LANGUAGE_STANDARD = "gnu++14";
				CLANG_CXX_LIBRARY = "libc++";
				CLANG_ENABLE_MODULES = YES;
				CLANG_ENABLE_OBJC_ARC = YES;
				CLANG_ENABLE_OBJC_WEAK = YES;
				CLANG_WARN_BLOCK_CAPTURE_AUTORELEASING = YES;
				CLANG_WARN_BOOL_CONVERSION = YES;
				CLANG_WARN_COMMA = YES;
				CLANG_WARN_CONSTANT_CONVERSION = YES;
				CLANG_WARN_DEPRECATED_OBJC_IMPLEMENTATIONS = YES;
				CLANG_WARN_DIRECT_OBJC_ISA_USAGE = YES_ERROR;
				CLANG_WARN_DOCUMENTATION_COMMENTS = YES;
				CLANG_WARN_EMPTY_BODY = YES;
				CLANG_WARN_ENUM_CONVERSION = YES;
				CLANG_WARN_INFINITE_RECURSION = YES;
				CLANG_WARN_INT_CONVERSION = YES;
				CLANG_WARN_NON_LITERAL_NULL_CONVERSION = YES;
				CLANG_WARN_OBJC_IMPLICIT_RETAIN_SELF = YES;
				CLANG_WARN_OBJC_LITERAL_CONVERSION = YES;
				CLANG_WARN_OBJC_ROOT_CLASS = YES_ERROR;
				CLANG_WARN_QUOTED_INCLUDE_IN_FRAMEWORK_HEADER = YES;
				CLANG_WARN_RANGE_LOOP_ANALYSIS = YES;
				CLANG_WARN_STRICT_PROTOTYPES = YES;
				CLANG_WARN_SUSPICIOUS_MOVE = YES;
				CLANG_WARN_UNGUARDED_AVAILABILITY = YES_AGGRESSIVE;
				CLANG_WARN_UNREACHABLE_CODE = YES;
				CLANG_WARN__DUPLICATE_METHOD_MATCH = YES;
				CODE_SIGN_IDENTITY = "Apple Development";
				CODE_SIGN_STYLE = Automatic;
				COPY_PHASE_STRIP = NO;
				DEAD_CODE_STRIPPING = YES;
				DEBUG_INFORMATION_FORMAT = dwarf;
				DEVELOPMENT_TEAM = 2L2K3UD2LK;
				ENABLE_STRICT_OBJC_MSGSEND = YES;
				ENABLE_TESTABILITY = YES;
				GCC_C_LANGUAGE_STANDARD = gnu11;
				GCC_DYNAMIC_NO_PIC = NO;
				GCC_NO_COMMON_BLOCKS = YES;
				GCC_OPTIMIZATION_LEVEL = 0;
				GCC_PREPROCESSOR_DEFINITIONS = (
					"DEBUG=1",
					"$(inherited)",
				);
				GCC_WARN_64_TO_32_BIT_CONVERSION = YES;
				GCC_WARN_ABOUT_RETURN_TYPE = YES_ERROR;
				GCC_WARN_UNDECLARED_SELECTOR = YES;
				GCC_WARN_UNINITIALIZED_AUTOS = YES_AGGRESSIVE;
				GCC_WARN_UNUSED_FUNCTION = YES;
				GCC_WARN_UNUSED_VARIABLE = YES;
				MTL_ENABLE_DEBUG_INFO = YES;
				ONLY_ACTIVE_ARCH = YES;
				OTHER_LDFLAGS = "$(inherited)";
				PRODUCT_NAME = "$(TARGET_NAME)";
			};
			name = DEV;
		};
		51300CCCDD920119903D02E9 /* STAGE */ = {
			isa = XCBuildConfiguration;
			buildSettings = {
				CODE_SIGN_IDENTITY = "iPhone Developer";
				INFOPLIST_FILE = "Derived/InfoPlists/SignUpFeatureUITests-Info.plist";
				IPHONEOS_DEPLOYMENT_TARGET = 16.0;
				LD_RUNPATH_SEARCH_PATHS = (
					"$(inherited)",
					"@executable_path/Frameworks",
					"@loader_path/Frameworks",
				);
				PRODUCT_BUNDLE_IDENTIFIER = Omos.SignUpFeatureUITests;
				PRODUCT_NAME = SignUpFeatureUITests;
				SDKROOT = iphoneos;
				SUPPORTS_MACCATALYST = NO;
				SUPPORTS_MAC_DESIGNED_FOR_IPHONE_IPAD = YES;
				SWIFT_ACTIVE_COMPILATION_CONDITIONS = DEBUG;
				SWIFT_COMPILATION_MODE = singlefile;
				SWIFT_OPTIMIZATION_LEVEL = "-Onone";
				SWIFT_VERSION = 5.0;
				TARGETED_DEVICE_FAMILY = "1,2";
				TEST_TARGET_NAME = SignUpFeatureDemoApp;
			};
			name = STAGE;
		};
		56136519E5A87DA376E9CF35 /* PROD */ = {
			isa = XCBuildConfiguration;
			baseConfigurationReference = 6F95857B6B4D67F1117777CF /* Shared.xcconfig */;
			buildSettings = {
				ALWAYS_SEARCH_USER_PATHS = NO;
				CLANG_ANALYZER_LOCALIZABILITY_NONLOCALIZED = YES;
				CLANG_ANALYZER_NONNULL = YES;
				CLANG_ANALYZER_NUMBER_OBJECT_CONVERSION = YES_AGGRESSIVE;
				CLANG_CXX_LANGUAGE_STANDARD = "gnu++14";
				CLANG_CXX_LIBRARY = "libc++";
				CLANG_ENABLE_MODULES = YES;
				CLANG_ENABLE_OBJC_ARC = YES;
				CLANG_ENABLE_OBJC_WEAK = YES;
				CLANG_WARN_BLOCK_CAPTURE_AUTORELEASING = YES;
				CLANG_WARN_BOOL_CONVERSION = YES;
				CLANG_WARN_COMMA = YES;
				CLANG_WARN_CONSTANT_CONVERSION = YES;
				CLANG_WARN_DEPRECATED_OBJC_IMPLEMENTATIONS = YES;
				CLANG_WARN_DIRECT_OBJC_ISA_USAGE = YES_ERROR;
				CLANG_WARN_DOCUMENTATION_COMMENTS = YES;
				CLANG_WARN_EMPTY_BODY = YES;
				CLANG_WARN_ENUM_CONVERSION = YES;
				CLANG_WARN_INFINITE_RECURSION = YES;
				CLANG_WARN_INT_CONVERSION = YES;
				CLANG_WARN_NON_LITERAL_NULL_CONVERSION = YES;
				CLANG_WARN_OBJC_IMPLICIT_RETAIN_SELF = YES;
				CLANG_WARN_OBJC_LITERAL_CONVERSION = YES;
				CLANG_WARN_OBJC_ROOT_CLASS = YES_ERROR;
				CLANG_WARN_QUOTED_INCLUDE_IN_FRAMEWORK_HEADER = YES;
				CLANG_WARN_RANGE_LOOP_ANALYSIS = YES;
				CLANG_WARN_STRICT_PROTOTYPES = YES;
				CLANG_WARN_SUSPICIOUS_MOVE = YES;
				CLANG_WARN_UNGUARDED_AVAILABILITY = YES_AGGRESSIVE;
				CLANG_WARN_UNREACHABLE_CODE = YES;
				CLANG_WARN__DUPLICATE_METHOD_MATCH = YES;
				CODE_SIGN_IDENTITY = "Apple Development";
				CODE_SIGN_STYLE = Automatic;
				COPY_PHASE_STRIP = NO;
				DEAD_CODE_STRIPPING = YES;
				DEBUG_INFORMATION_FORMAT = "dwarf-with-dsym";
				DEVELOPMENT_TEAM = 2L2K3UD2LK;
				ENABLE_NS_ASSERTIONS = NO;
				ENABLE_STRICT_OBJC_MSGSEND = YES;
				GCC_C_LANGUAGE_STANDARD = gnu11;
				GCC_NO_COMMON_BLOCKS = YES;
				GCC_WARN_64_TO_32_BIT_CONVERSION = YES;
				GCC_WARN_ABOUT_RETURN_TYPE = YES_ERROR;
				GCC_WARN_UNDECLARED_SELECTOR = YES;
				GCC_WARN_UNINITIALIZED_AUTOS = YES_AGGRESSIVE;
				GCC_WARN_UNUSED_FUNCTION = YES;
				GCC_WARN_UNUSED_VARIABLE = YES;
				MTL_ENABLE_DEBUG_INFO = NO;
				OTHER_LDFLAGS = "$(inherited)";
				PRODUCT_NAME = "$(TARGET_NAME)";
				VALIDATE_PRODUCT = YES;
			};
			name = PROD;
		};
		5D7A34BC1C2F65B42F926BA1 /* PROD */ = {
			isa = XCBuildConfiguration;
			buildSettings = {
				CODE_SIGN_IDENTITY = "iPhone Developer";
				INFOPLIST_FILE = "Derived/InfoPlists/SignUpFeatureUITests-Info.plist";
				IPHONEOS_DEPLOYMENT_TARGET = 16.0;
				LD_RUNPATH_SEARCH_PATHS = (
					"$(inherited)",
					"@executable_path/Frameworks",
					"@loader_path/Frameworks",
				);
				PRODUCT_BUNDLE_IDENTIFIER = Omos.SignUpFeatureUITests;
				PRODUCT_NAME = SignUpFeatureUITests;
				SDKROOT = iphoneos;
				SUPPORTS_MACCATALYST = NO;
				SUPPORTS_MAC_DESIGNED_FOR_IPHONE_IPAD = YES;
				SWIFT_COMPILATION_MODE = wholemodule;
				SWIFT_OPTIMIZATION_LEVEL = "-Owholemodule";
				SWIFT_VERSION = 5.0;
				TARGETED_DEVICE_FAMILY = "1,2";
				TEST_TARGET_NAME = SignUpFeatureDemoApp;
			};
			name = PROD;
		};
		5EC733702CC62A7A0D5673FF /* STAGE */ = {
			isa = XCBuildConfiguration;
			buildSettings = {
				BUNDLE_LOADER = "$(TEST_HOST)";
				CODE_SIGN_IDENTITY = "iPhone Developer";
				INFOPLIST_FILE = "Derived/InfoPlists/SignUpFeatureTests-Info.plist";
				IPHONEOS_DEPLOYMENT_TARGET = 16.0;
				LD_RUNPATH_SEARCH_PATHS = (
					"$(inherited)",
					"@executable_path/Frameworks",
					"@loader_path/Frameworks",
				);
				PRODUCT_BUNDLE_IDENTIFIER = Omos.SignUpFeatureTests;
				PRODUCT_NAME = SignUpFeatureTests;
				SDKROOT = iphoneos;
				SUPPORTS_MACCATALYST = NO;
				SUPPORTS_MAC_DESIGNED_FOR_IPHONE_IPAD = YES;
				SWIFT_ACTIVE_COMPILATION_CONDITIONS = DEBUG;
				SWIFT_COMPILATION_MODE = singlefile;
				SWIFT_OPTIMIZATION_LEVEL = "-Onone";
				SWIFT_VERSION = 5.0;
				TARGETED_DEVICE_FAMILY = "1,2";
				TEST_HOST = "$(BUILT_PRODUCTS_DIR)/SignUpFeatureDemoApp.app/SignUpFeatureDemoApp";
				TEST_TARGET_NAME = SignUpFeatureDemoApp;
			};
			name = STAGE;
		};
		62474BD250105BE5C344840D /* DEV */ = {
			isa = XCBuildConfiguration;
			buildSettings = {
				CODE_SIGN_IDENTITY = "iPhone Developer";
				INFOPLIST_FILE = "Derived/InfoPlists/SignUpFeatureUITests-Info.plist";
				IPHONEOS_DEPLOYMENT_TARGET = 16.0;
				LD_RUNPATH_SEARCH_PATHS = (
					"$(inherited)",
					"@executable_path/Frameworks",
					"@loader_path/Frameworks",
				);
				PRODUCT_BUNDLE_IDENTIFIER = Omos.SignUpFeatureUITests;
				PRODUCT_NAME = SignUpFeatureUITests;
				SDKROOT = iphoneos;
				SUPPORTS_MACCATALYST = NO;
				SUPPORTS_MAC_DESIGNED_FOR_IPHONE_IPAD = YES;
				SWIFT_ACTIVE_COMPILATION_CONDITIONS = DEBUG;
				SWIFT_COMPILATION_MODE = singlefile;
				SWIFT_OPTIMIZATION_LEVEL = "-Onone";
				SWIFT_VERSION = 5.0;
				TARGETED_DEVICE_FAMILY = "1,2";
				TEST_TARGET_NAME = SignUpFeatureDemoApp;
			};
			name = DEV;
		};
		67D3D284B92F626E0F9D9DF3 /* DEV */ = {
			isa = XCBuildConfiguration;
			buildSettings = {
				CODE_SIGN_IDENTITY = "";
				CURRENT_PROJECT_VERSION = 1;
				DEFINES_MODULE = YES;
				DYLIB_COMPATIBILITY_VERSION = 1;
				DYLIB_CURRENT_VERSION = 1;
				DYLIB_INSTALL_NAME_BASE = "@rpath";
				INFOPLIST_FILE = "Derived/InfoPlists/SignUpFeatureInterface-Info.plist";
				INSTALL_PATH = "$(LOCAL_LIBRARY_DIR)/Frameworks";
				IPHONEOS_DEPLOYMENT_TARGET = 16.0;
				LD_RUNPATH_SEARCH_PATHS = (
					"$(inherited)",
					"@executable_path/Frameworks",
					"@loader_path/Frameworks",
				);
				PRODUCT_BUNDLE_IDENTIFIER = Omos.SignUpFeatureInterface;
				PRODUCT_NAME = SignUpFeatureInterface;
				SDKROOT = iphoneos;
				SKIP_INSTALL = YES;
				SUPPORTS_MACCATALYST = NO;
				SUPPORTS_MAC_DESIGNED_FOR_IPHONE_IPAD = YES;
				SWIFT_ACTIVE_COMPILATION_CONDITIONS = DEBUG;
				SWIFT_COMPILATION_MODE = singlefile;
				SWIFT_OPTIMIZATION_LEVEL = "-Onone";
				SWIFT_VERSION = 5.0;
				TARGETED_DEVICE_FAMILY = "1,2";
				VERSIONING_SYSTEM = "apple-generic";
				VERSION_INFO_PREFIX = "";
			};
			name = DEV;
		};
		74D5D988B650579FD31F61C3 /* DEV */ = {
			isa = XCBuildConfiguration;
			buildSettings = {
				CODE_SIGN_IDENTITY = "iPhone Developer";
				IPHONEOS_DEPLOYMENT_TARGET = 16.0;
				OTHER_LDFLAGS = "-ObjC";
				PRODUCT_BUNDLE_IDENTIFIER = Omos.SignUpFeature;
				PRODUCT_NAME = SignUpFeature;
				SDKROOT = iphoneos;
				SKIP_INSTALL = YES;
				SUPPORTS_MACCATALYST = NO;
				SUPPORTS_MAC_DESIGNED_FOR_IPHONE_IPAD = YES;
				SWIFT_ACTIVE_COMPILATION_CONDITIONS = DEBUG;
				SWIFT_COMPILATION_MODE = singlefile;
				SWIFT_OPTIMIZATION_LEVEL = "-Onone";
				SWIFT_VERSION = 5.0;
				TARGETED_DEVICE_FAMILY = "1,2";
			};
			name = DEV;
		};
		78E3231A3DFDC84E0702849D /* STAGE */ = {
			isa = XCBuildConfiguration;
			buildSettings = {
				CODE_SIGN_IDENTITY = "";
				CURRENT_PROJECT_VERSION = 1;
				DEFINES_MODULE = YES;
				DYLIB_COMPATIBILITY_VERSION = 1;
				DYLIB_CURRENT_VERSION = 1;
				DYLIB_INSTALL_NAME_BASE = "@rpath";
				INFOPLIST_FILE = "Derived/InfoPlists/SignUpFeatureTesting-Info.plist";
				INSTALL_PATH = "$(LOCAL_LIBRARY_DIR)/Frameworks";
				IPHONEOS_DEPLOYMENT_TARGET = 16.0;
				LD_RUNPATH_SEARCH_PATHS = (
					"$(inherited)",
					"@executable_path/Frameworks",
					"@loader_path/Frameworks",
				);
				PRODUCT_BUNDLE_IDENTIFIER = Omos.SignUpFeatureTesting;
				PRODUCT_NAME = SignUpFeatureTesting;
				SDKROOT = iphoneos;
				SKIP_INSTALL = YES;
				SUPPORTS_MACCATALYST = NO;
				SUPPORTS_MAC_DESIGNED_FOR_IPHONE_IPAD = YES;
				SWIFT_ACTIVE_COMPILATION_CONDITIONS = DEBUG;
				SWIFT_COMPILATION_MODE = singlefile;
				SWIFT_OPTIMIZATION_LEVEL = "-Onone";
				SWIFT_VERSION = 5.0;
				TARGETED_DEVICE_FAMILY = "1,2";
				VERSIONING_SYSTEM = "apple-generic";
				VERSION_INFO_PREFIX = "";
			};
			name = STAGE;
		};
		7948B8011EC2248A1556BB50 /* DEV */ = {
			isa = XCBuildConfiguration;
			buildSettings = {
				ASSETCATALOG_COMPILER_APPICON_NAME = AppIcon;
				CODE_SIGN_IDENTITY = "iPhone Developer";
				ENABLE_PREVIEWS = YES;
				INFOPLIST_FILE = "Derived/InfoPlists/SignUpFeatureDemoApp-Info.plist";
				IPHONEOS_DEPLOYMENT_TARGET = 16.0;
				LD_RUNPATH_SEARCH_PATHS = (
					"$(inherited)",
					"@executable_path/Frameworks",
				);
				PRODUCT_BUNDLE_IDENTIFIER = Omos.SignUpFeatureDemoApp;
				PRODUCT_NAME = SignUpFeatureDemoApp;
				SDKROOT = iphoneos;
				SUPPORTS_MACCATALYST = NO;
				SUPPORTS_MAC_DESIGNED_FOR_IPHONE_IPAD = YES;
				SWIFT_ACTIVE_COMPILATION_CONDITIONS = DEBUG;
				SWIFT_COMPILATION_MODE = singlefile;
				SWIFT_OPTIMIZATION_LEVEL = "-Onone";
				SWIFT_VERSION = 5.0;
				TARGETED_DEVICE_FAMILY = "1,2";
			};
			name = DEV;
		};
		A2A2507EA7A841227CC482F7 /* PROD */ = {
			isa = XCBuildConfiguration;
			buildSettings = {
				CODE_SIGN_IDENTITY = "";
				CURRENT_PROJECT_VERSION = 1;
				DEFINES_MODULE = YES;
				DYLIB_COMPATIBILITY_VERSION = 1;
				DYLIB_CURRENT_VERSION = 1;
				DYLIB_INSTALL_NAME_BASE = "@rpath";
				INFOPLIST_FILE = "Derived/InfoPlists/SignUpFeatureTesting-Info.plist";
				INSTALL_PATH = "$(LOCAL_LIBRARY_DIR)/Frameworks";
				IPHONEOS_DEPLOYMENT_TARGET = 16.0;
				LD_RUNPATH_SEARCH_PATHS = (
					"$(inherited)",
					"@executable_path/Frameworks",
					"@loader_path/Frameworks",
				);
				PRODUCT_BUNDLE_IDENTIFIER = Omos.SignUpFeatureTesting;
				PRODUCT_NAME = SignUpFeatureTesting;
				SDKROOT = iphoneos;
				SKIP_INSTALL = YES;
				SUPPORTS_MACCATALYST = NO;
				SUPPORTS_MAC_DESIGNED_FOR_IPHONE_IPAD = YES;
				SWIFT_COMPILATION_MODE = wholemodule;
				SWIFT_OPTIMIZATION_LEVEL = "-Owholemodule";
				SWIFT_VERSION = 5.0;
				TARGETED_DEVICE_FAMILY = "1,2";
				VERSIONING_SYSTEM = "apple-generic";
				VERSION_INFO_PREFIX = "";
			};
			name = PROD;
		};
		BB677C3A3C27E9B440927220 /* STAGE */ = {
			isa = XCBuildConfiguration;
			buildSettings = {
				ASSETCATALOG_COMPILER_APPICON_NAME = AppIcon;
				CODE_SIGN_IDENTITY = "iPhone Developer";
				ENABLE_PREVIEWS = YES;
				INFOPLIST_FILE = "Derived/InfoPlists/SignUpFeatureDemoApp-Info.plist";
				IPHONEOS_DEPLOYMENT_TARGET = 16.0;
				LD_RUNPATH_SEARCH_PATHS = (
					"$(inherited)",
					"@executable_path/Frameworks",
				);
				PRODUCT_BUNDLE_IDENTIFIER = Omos.SignUpFeatureDemoApp;
				PRODUCT_NAME = SignUpFeatureDemoApp;
				SDKROOT = iphoneos;
				SUPPORTS_MACCATALYST = NO;
				SUPPORTS_MAC_DESIGNED_FOR_IPHONE_IPAD = YES;
				SWIFT_ACTIVE_COMPILATION_CONDITIONS = DEBUG;
				SWIFT_COMPILATION_MODE = singlefile;
				SWIFT_OPTIMIZATION_LEVEL = "-Onone";
				SWIFT_VERSION = 5.0;
				TARGETED_DEVICE_FAMILY = "1,2";
			};
			name = STAGE;
		};
		CF2EE691804AC8BB5311D3EF /* STAGE */ = {
			isa = XCBuildConfiguration;
			baseConfigurationReference = 6F95857B6B4D67F1117777CF /* Shared.xcconfig */;
			buildSettings = {
				ALWAYS_SEARCH_USER_PATHS = NO;
				CLANG_ANALYZER_LOCALIZABILITY_NONLOCALIZED = YES;
				CLANG_ANALYZER_NONNULL = YES;
				CLANG_ANALYZER_NUMBER_OBJECT_CONVERSION = YES_AGGRESSIVE;
				CLANG_CXX_LANGUAGE_STANDARD = "gnu++14";
				CLANG_CXX_LIBRARY = "libc++";
				CLANG_ENABLE_MODULES = YES;
				CLANG_ENABLE_OBJC_ARC = YES;
				CLANG_ENABLE_OBJC_WEAK = YES;
				CLANG_WARN_BLOCK_CAPTURE_AUTORELEASING = YES;
				CLANG_WARN_BOOL_CONVERSION = YES;
				CLANG_WARN_COMMA = YES;
				CLANG_WARN_CONSTANT_CONVERSION = YES;
				CLANG_WARN_DEPRECATED_OBJC_IMPLEMENTATIONS = YES;
				CLANG_WARN_DIRECT_OBJC_ISA_USAGE = YES_ERROR;
				CLANG_WARN_DOCUMENTATION_COMMENTS = YES;
				CLANG_WARN_EMPTY_BODY = YES;
				CLANG_WARN_ENUM_CONVERSION = YES;
				CLANG_WARN_INFINITE_RECURSION = YES;
				CLANG_WARN_INT_CONVERSION = YES;
				CLANG_WARN_NON_LITERAL_NULL_CONVERSION = YES;
				CLANG_WARN_OBJC_IMPLICIT_RETAIN_SELF = YES;
				CLANG_WARN_OBJC_LITERAL_CONVERSION = YES;
				CLANG_WARN_OBJC_ROOT_CLASS = YES_ERROR;
				CLANG_WARN_QUOTED_INCLUDE_IN_FRAMEWORK_HEADER = YES;
				CLANG_WARN_RANGE_LOOP_ANALYSIS = YES;
				CLANG_WARN_STRICT_PROTOTYPES = YES;
				CLANG_WARN_SUSPICIOUS_MOVE = YES;
				CLANG_WARN_UNGUARDED_AVAILABILITY = YES_AGGRESSIVE;
				CLANG_WARN_UNREACHABLE_CODE = YES;
				CLANG_WARN__DUPLICATE_METHOD_MATCH = YES;
				CODE_SIGN_IDENTITY = "Apple Development";
				CODE_SIGN_STYLE = Automatic;
				COPY_PHASE_STRIP = NO;
				DEAD_CODE_STRIPPING = YES;
				DEBUG_INFORMATION_FORMAT = dwarf;
				DEVELOPMENT_TEAM = 2L2K3UD2LK;
				ENABLE_STRICT_OBJC_MSGSEND = YES;
				ENABLE_TESTABILITY = YES;
				GCC_C_LANGUAGE_STANDARD = gnu11;
				GCC_DYNAMIC_NO_PIC = NO;
				GCC_NO_COMMON_BLOCKS = YES;
				GCC_OPTIMIZATION_LEVEL = 0;
				GCC_PREPROCESSOR_DEFINITIONS = (
					"DEBUG=1",
					"$(inherited)",
				);
				GCC_WARN_64_TO_32_BIT_CONVERSION = YES;
				GCC_WARN_ABOUT_RETURN_TYPE = YES_ERROR;
				GCC_WARN_UNDECLARED_SELECTOR = YES;
				GCC_WARN_UNINITIALIZED_AUTOS = YES_AGGRESSIVE;
				GCC_WARN_UNUSED_FUNCTION = YES;
				GCC_WARN_UNUSED_VARIABLE = YES;
				MTL_ENABLE_DEBUG_INFO = YES;
				ONLY_ACTIVE_ARCH = YES;
				OTHER_LDFLAGS = "$(inherited)";
				PRODUCT_NAME = "$(TARGET_NAME)";
			};
			name = STAGE;
		};
		D0D9F1AA79FCB8B7471DDB58 /* DEV */ = {
			isa = XCBuildConfiguration;
			buildSettings = {
				BUNDLE_LOADER = "$(TEST_HOST)";
				CODE_SIGN_IDENTITY = "iPhone Developer";
				INFOPLIST_FILE = "Derived/InfoPlists/SignUpFeatureTests-Info.plist";
				IPHONEOS_DEPLOYMENT_TARGET = 16.0;
				LD_RUNPATH_SEARCH_PATHS = (
					"$(inherited)",
					"@executable_path/Frameworks",
					"@loader_path/Frameworks",
				);
				PRODUCT_BUNDLE_IDENTIFIER = Omos.SignUpFeatureTests;
				PRODUCT_NAME = SignUpFeatureTests;
				SDKROOT = iphoneos;
				SUPPORTS_MACCATALYST = NO;
				SUPPORTS_MAC_DESIGNED_FOR_IPHONE_IPAD = YES;
				SWIFT_ACTIVE_COMPILATION_CONDITIONS = DEBUG;
				SWIFT_COMPILATION_MODE = singlefile;
				SWIFT_OPTIMIZATION_LEVEL = "-Onone";
				SWIFT_VERSION = 5.0;
				TARGETED_DEVICE_FAMILY = "1,2";
				TEST_HOST = "$(BUILT_PRODUCTS_DIR)/SignUpFeatureDemoApp.app/SignUpFeatureDemoApp";
				TEST_TARGET_NAME = SignUpFeatureDemoApp;
			};
			name = DEV;
		};
		E4582E36191A9D9837F98586 /* PROD */ = {
			isa = XCBuildConfiguration;
			buildSettings = {
				ASSETCATALOG_COMPILER_APPICON_NAME = AppIcon;
				CODE_SIGN_IDENTITY = "iPhone Developer";
				ENABLE_PREVIEWS = YES;
				INFOPLIST_FILE = "Derived/InfoPlists/SignUpFeatureDemoApp-Info.plist";
				IPHONEOS_DEPLOYMENT_TARGET = 16.0;
				LD_RUNPATH_SEARCH_PATHS = (
					"$(inherited)",
					"@executable_path/Frameworks",
				);
				PRODUCT_BUNDLE_IDENTIFIER = Omos.SignUpFeatureDemoApp;
				PRODUCT_NAME = SignUpFeatureDemoApp;
				SDKROOT = iphoneos;
				SUPPORTS_MACCATALYST = NO;
				SUPPORTS_MAC_DESIGNED_FOR_IPHONE_IPAD = YES;
				SWIFT_COMPILATION_MODE = wholemodule;
				SWIFT_OPTIMIZATION_LEVEL = "-Owholemodule";
				SWIFT_VERSION = 5.0;
				TARGETED_DEVICE_FAMILY = "1,2";
			};
			name = PROD;
		};
		F024D5F6EF84C8B9E9AB37B1 /* PROD */ = {
			isa = XCBuildConfiguration;
			buildSettings = {
				CODE_SIGN_IDENTITY = "";
				CURRENT_PROJECT_VERSION = 1;
				DEFINES_MODULE = YES;
				DYLIB_COMPATIBILITY_VERSION = 1;
				DYLIB_CURRENT_VERSION = 1;
				DYLIB_INSTALL_NAME_BASE = "@rpath";
				INFOPLIST_FILE = "Derived/InfoPlists/SignUpFeatureInterface-Info.plist";
				INSTALL_PATH = "$(LOCAL_LIBRARY_DIR)/Frameworks";
				IPHONEOS_DEPLOYMENT_TARGET = 16.0;
				LD_RUNPATH_SEARCH_PATHS = (
					"$(inherited)",
					"@executable_path/Frameworks",
					"@loader_path/Frameworks",
				);
				PRODUCT_BUNDLE_IDENTIFIER = Omos.SignUpFeatureInterface;
				PRODUCT_NAME = SignUpFeatureInterface;
				SDKROOT = iphoneos;
				SKIP_INSTALL = YES;
				SUPPORTS_MACCATALYST = NO;
				SUPPORTS_MAC_DESIGNED_FOR_IPHONE_IPAD = YES;
				SWIFT_COMPILATION_MODE = wholemodule;
				SWIFT_OPTIMIZATION_LEVEL = "-Owholemodule";
				SWIFT_VERSION = 5.0;
				TARGETED_DEVICE_FAMILY = "1,2";
				VERSIONING_SYSTEM = "apple-generic";
				VERSION_INFO_PREFIX = "";
			};
			name = PROD;
		};
/* End XCBuildConfiguration section */

/* Begin XCConfigurationList section */
		40473E1F7BA3032101653314 /* Build configuration list for PBXNativeTarget "SignUpFeatureTests" */ = {
			isa = XCConfigurationList;
			buildConfigurations = (
				D0D9F1AA79FCB8B7471DDB58 /* DEV */,
				24A9F055EF116FEE6E91F088 /* PROD */,
				5EC733702CC62A7A0D5673FF /* STAGE */,
			);
			defaultConfigurationIsVisible = 0;
			defaultConfigurationName = PROD;
		};
		41724932E724C0A1ACAECF00 /* Build configuration list for PBXNativeTarget "SignUpFeature" */ = {
			isa = XCConfigurationList;
			buildConfigurations = (
				74D5D988B650579FD31F61C3 /* DEV */,
				319957BFAB4BCFEA96610221 /* PROD */,
				1909F801F353CCBF843FC4DC /* STAGE */,
			);
			defaultConfigurationIsVisible = 0;
			defaultConfigurationName = PROD;
		};
		4D1E12EC5918EF511F7BEB79 /* Build configuration list for PBXNativeTarget "SignUpFeatureTesting" */ = {
			isa = XCConfigurationList;
			buildConfigurations = (
				34DD69F7D4ACA395FA4C2E45 /* DEV */,
				A2A2507EA7A841227CC482F7 /* PROD */,
				78E3231A3DFDC84E0702849D /* STAGE */,
			);
			defaultConfigurationIsVisible = 0;
			defaultConfigurationName = PROD;
		};
		9E45C394C11B8ADF1FF6B755 /* Build configuration list for PBXNativeTarget "SignUpFeatureInterface" */ = {
			isa = XCConfigurationList;
			buildConfigurations = (
				67D3D284B92F626E0F9D9DF3 /* DEV */,
				F024D5F6EF84C8B9E9AB37B1 /* PROD */,
				35BE915C57E12397495F911C /* STAGE */,
			);
			defaultConfigurationIsVisible = 0;
			defaultConfigurationName = PROD;
		};
		C3D61C8A767172B36021E9C3 /* Build configuration list for PBXNativeTarget "SignUpFeatureDemoApp" */ = {
			isa = XCConfigurationList;
			buildConfigurations = (
				7948B8011EC2248A1556BB50 /* DEV */,
				E4582E36191A9D9837F98586 /* PROD */,
				BB677C3A3C27E9B440927220 /* STAGE */,
			);
			defaultConfigurationIsVisible = 0;
			defaultConfigurationName = PROD;
		};
		CFAC97BB57AD5B7911084D71 /* Build configuration list for PBXProject "SignUpFeature" */ = {
			isa = XCConfigurationList;
			buildConfigurations = (
				48350AEC65A0556EE3A0BA47 /* DEV */,
				56136519E5A87DA376E9CF35 /* PROD */,
				CF2EE691804AC8BB5311D3EF /* STAGE */,
			);
			defaultConfigurationIsVisible = 0;
			defaultConfigurationName = PROD;
		};
		EC1AACD7EC0B59B83603FA3C /* Build configuration list for PBXNativeTarget "SignUpFeatureUITests" */ = {
			isa = XCConfigurationList;
			buildConfigurations = (
				62474BD250105BE5C344840D /* DEV */,
				5D7A34BC1C2F65B42F926BA1 /* PROD */,
				51300CCCDD920119903D02E9 /* STAGE */,
			);
			defaultConfigurationIsVisible = 0;
			defaultConfigurationName = PROD;
		};
/* End XCConfigurationList section */
	};
	rootObject = D1A4B7AF608C3E0E3E9DE9EE /* Project object */;
}
